{
  "version": 4,
  "terraform_version": "1.9.5",
  "serial": 186,
  "lineage": "5ee5686a-5f34-34e4-d056-5428d7d3f2b6",
  "outputs": {
    "api_endpoint": {
      "value": "https://njbhhwu7y7.execute-api.us-west-1.amazonaws.com/prod/restaurants",
      "type": "string"
    },
    "instance_public_ip": {
      "value": "3.101.151.152",
      "type": "string"
    },
    "lambda_function_name": {
      "value": "get_restaurants",
      "type": "string"
    },
    "menu_api_endpoint": {
      "value": "https://njbhhwu7y7.execute-api.us-west-1.amazonaws.com/prod/menu",
      "type": "string"
    },
    "orders_api_endpoint": {
      "value": "https://njbhhwu7y7.execute-api.us-west-1.amazonaws.com/prod/orders",
      "type": "string"
    },
    "rds_endpoint": {
      "value": "food-delivery-db.cl4yg086473r.us-west-1.rds.amazonaws.com:3306",
      "type": "string"
    }
  },
  "resources": [
    {
      "mode": "managed",
      "type": "aws_api_gateway_deployment",
      "name": "food_delivery_deployment",
      "provider": "provider[\"registry.terraform.io/hashicorp/aws\"]",
      "instances": [
        {
          "schema_version": 0,
          "attributes": {
            "created_date": "2024-12-02T02:32:07Z",
            "description": "",
            "execution_arn": "arn:aws:execute-api:us-west-1:992382397944:njbhhwu7y7/prod",
            "id": "cnamlb",
            "invoke_url": "https://njbhhwu7y7.execute-api.us-west-1.amazonaws.com/prod",
            "rest_api_id": "njbhhwu7y7",
            "stage_description": null,
            "stage_name": "prod",
            "triggers": null,
            "variables": null
          },
          "sensitive_attributes": [],
          "private": "bnVsbA==",
          "dependencies": [
            "aws_api_gateway_integration.get_menu_integration",
            "aws_api_gateway_integration.get_order_integration",
            "aws_api_gateway_integration.get_restaurants_integration",
            "aws_api_gateway_integration.post_menu_integration",
            "aws_api_gateway_integration.post_order_integration",
            "aws_api_gateway_integration.post_restaurant_integration",
            "aws_api_gateway_method.get_menu",
            "aws_api_gateway_method.get_order",
            "aws_api_gateway_method.get_restaurants",
            "aws_api_gateway_method.post_menu",
            "aws_api_gateway_method.post_order",
            "aws_api_gateway_method.post_restaurant",
            "aws_api_gateway_resource.menu",
            "aws_api_gateway_resource.orders",
            "aws_api_gateway_resource.restaurants",
            "aws_api_gateway_rest_api.food_delivery_api",
            "aws_db_instance.food_delivery_db",
            "aws_db_subnet_group.rds_subnet_group",
            "aws_iam_role.lambda_role",
            "aws_lambda_function.get_menu",
            "aws_lambda_function.get_order",
            "aws_lambda_function.get_restaurants",
            "aws_lambda_function.post_menu",
            "aws_lambda_function.post_order",
            "aws_lambda_function.post_restaurant",
            "aws_security_group.allow_ssh_http_1",
            "aws_security_group.rds_sg",
            "aws_subnet.private_subnet_1",
            "aws_subnet.private_subnet_2",
            "aws_vpc.main"
          ]
        }
      ]
    },
    {
      "mode": "managed",
      "type": "aws_api_gateway_integration",
      "name": "get_menu_integration",
      "provider": "provider[\"registry.terraform.io/hashicorp/aws\"]",
      "instances": [
        {
          "schema_version": 0,
          "attributes": {
            "cache_key_parameters": [],
            "cache_namespace": "ymiwvt",
            "connection_id": "",
            "connection_type": "INTERNET",
            "content_handling": "",
            "credentials": "",
            "http_method": "GET",
            "id": "agi-njbhhwu7y7-ymiwvt-GET",
            "integration_http_method": "POST",
            "passthrough_behavior": "WHEN_NO_MATCH",
            "request_parameters": {},
            "request_templates": {},
            "resource_id": "ymiwvt",
            "rest_api_id": "njbhhwu7y7",
            "timeout_milliseconds": 29000,
            "tls_config": [],
            "type": "AWS_PROXY",
            "uri": "arn:aws:apigateway:us-west-1:lambda:path/2015-03-31/functions/arn:aws:lambda:us-west-1:992382397944:function:get_menu/invocations"
          },
          "sensitive_attributes": [],
          "private": "bnVsbA==",
          "dependencies": [
            "aws_api_gateway_method.get_menu",
            "aws_api_gateway_resource.menu",
            "aws_api_gateway_rest_api.food_delivery_api",
            "aws_db_instance.food_delivery_db",
            "aws_db_subnet_group.rds_subnet_group",
            "aws_iam_role.lambda_role",
            "aws_lambda_function.get_menu",
            "aws_security_group.allow_ssh_http_1",
            "aws_security_group.rds_sg",
            "aws_subnet.private_subnet_1",
            "aws_subnet.private_subnet_2",
            "aws_vpc.main"
          ]
        }
      ]
    },
    {
      "mode": "managed",
      "type": "aws_api_gateway_integration",
      "name": "get_restaurants_integration",
      "provider": "provider[\"registry.terraform.io/hashicorp/aws\"]",
      "instances": [
        {
          "schema_version": 0,
          "attributes": {
            "cache_key_parameters": [],
            "cache_namespace": "usgnvm",
            "connection_id": "",
            "connection_type": "INTERNET",
            "content_handling": "",
            "credentials": "",
            "http_method": "GET",
            "id": "agi-njbhhwu7y7-usgnvm-GET",
            "integration_http_method": "POST",
            "passthrough_behavior": "WHEN_NO_MATCH",
            "request_parameters": {},
            "request_templates": {},
            "resource_id": "usgnvm",
            "rest_api_id": "njbhhwu7y7",
            "timeout_milliseconds": 29000,
            "tls_config": [],
            "type": "AWS_PROXY",
            "uri": "arn:aws:apigateway:us-west-1:lambda:path/2015-03-31/functions/arn:aws:lambda:us-west-1:992382397944:function:get_restaurants/invocations"
          },
          "sensitive_attributes": [],
          "private": "bnVsbA==",
          "dependencies": [
            "aws_api_gateway_method.get_restaurants",
            "aws_api_gateway_resource.restaurants",
            "aws_api_gateway_rest_api.food_delivery_api",
            "aws_db_instance.food_delivery_db",
            "aws_db_subnet_group.rds_subnet_group",
            "aws_iam_role.lambda_role",
            "aws_lambda_function.get_restaurants",
            "aws_security_group.allow_ssh_http_1",
            "aws_security_group.rds_sg",
            "aws_subnet.private_subnet_1",
            "aws_subnet.private_subnet_2",
            "aws_vpc.main"
          ]
        }
      ]
    },
    {
      "mode": "managed",
      "type": "aws_api_gateway_integration",
      "name": "post_menu_integration",
      "provider": "provider[\"registry.terraform.io/hashicorp/aws\"]",
      "instances": [
        {
          "schema_version": 0,
          "attributes": {
            "cache_key_parameters": [],
            "cache_namespace": "ymiwvt",
            "connection_id": "",
            "connection_type": "INTERNET",
            "content_handling": "",
            "credentials": "",
            "http_method": "POST",
            "id": "agi-njbhhwu7y7-ymiwvt-POST",
            "integration_http_method": "POST",
            "passthrough_behavior": "WHEN_NO_MATCH",
            "request_parameters": {},
            "request_templates": {},
            "resource_id": "ymiwvt",
            "rest_api_id": "njbhhwu7y7",
            "timeout_milliseconds": 29000,
            "tls_config": [],
            "type": "AWS_PROXY",
            "uri": "arn:aws:apigateway:us-west-1:lambda:path/2015-03-31/functions/arn:aws:lambda:us-west-1:992382397944:function:post_menu/invocations"
          },
          "sensitive_attributes": [],
          "private": "bnVsbA==",
          "dependencies": [
            "aws_api_gateway_method.post_menu",
            "aws_api_gateway_resource.menu",
            "aws_api_gateway_rest_api.food_delivery_api",
            "aws_db_instance.food_delivery_db",
            "aws_db_subnet_group.rds_subnet_group",
            "aws_iam_role.lambda_role",
            "aws_lambda_function.post_menu",
            "aws_security_group.allow_ssh_http_1",
            "aws_security_group.rds_sg",
            "aws_subnet.private_subnet_1",
            "aws_subnet.private_subnet_2",
            "aws_vpc.main"
          ]
        }
      ]
    },
    {
      "mode": "managed",
      "type": "aws_api_gateway_integration",
      "name": "post_restaurant_integration",
      "provider": "provider[\"registry.terraform.io/hashicorp/aws\"]",
      "instances": [
        {
          "schema_version": 0,
          "attributes": {
            "cache_key_parameters": [],
            "cache_namespace": "usgnvm",
            "connection_id": "",
            "connection_type": "INTERNET",
            "content_handling": "",
            "credentials": "",
            "http_method": "POST",
            "id": "agi-njbhhwu7y7-usgnvm-POST",
            "integration_http_method": "POST",
            "passthrough_behavior": "WHEN_NO_MATCH",
            "request_parameters": {},
            "request_templates": {},
            "resource_id": "usgnvm",
            "rest_api_id": "njbhhwu7y7",
            "timeout_milliseconds": 29000,
            "tls_config": [],
            "type": "AWS_PROXY",
            "uri": "arn:aws:apigateway:us-west-1:lambda:path/2015-03-31/functions/arn:aws:lambda:us-west-1:992382397944:function:post_restaurant/invocations"
          },
          "sensitive_attributes": [],
          "private": "bnVsbA==",
          "dependencies": [
            "aws_api_gateway_method.post_restaurant",
            "aws_api_gateway_resource.restaurants",
            "aws_api_gateway_rest_api.food_delivery_api",
            "aws_db_instance.food_delivery_db",
            "aws_db_subnet_group.rds_subnet_group",
            "aws_iam_role.lambda_role",
            "aws_lambda_function.post_restaurant",
            "aws_security_group.allow_ssh_http_1",
            "aws_security_group.rds_sg",
            "aws_subnet.private_subnet_1",
            "aws_subnet.private_subnet_2",
            "aws_vpc.main"
          ]
        }
      ]
    },
    {
      "mode": "managed",
      "type": "aws_api_gateway_method",
      "name": "get_menu",
      "provider": "provider[\"registry.terraform.io/hashicorp/aws\"]",
      "instances": [
        {
          "schema_version": 0,
          "attributes": {
            "api_key_required": false,
            "authorization": "NONE",
            "authorization_scopes": [],
            "authorizer_id": "",
            "http_method": "GET",
            "id": "agm-njbhhwu7y7-ymiwvt-GET",
            "operation_name": "",
            "request_models": {},
            "request_parameters": {},
            "request_validator_id": "",
            "resource_id": "ymiwvt",
            "rest_api_id": "njbhhwu7y7"
          },
          "sensitive_attributes": [],
          "private": "bnVsbA==",
          "dependencies": [
            "aws_api_gateway_resource.menu",
            "aws_api_gateway_rest_api.food_delivery_api"
          ]
        }
      ]
    },
    {
      "mode": "managed",
      "type": "aws_api_gateway_method",
      "name": "get_order",
      "provider": "provider[\"registry.terraform.io/hashicorp/aws\"]",
      "instances": [
        {
          "schema_version": 0,
          "attributes": {
            "api_key_required": false,
            "authorization": "NONE",
            "authorization_scopes": null,
            "authorizer_id": null,
            "http_method": "GET",
            "id": "agm-njbhhwu7y7-2z4i13-GET",
            "operation_name": null,
            "request_models": null,
            "request_parameters": null,
            "request_validator_id": null,
            "resource_id": "2z4i13",
            "rest_api_id": "njbhhwu7y7"
          },
          "sensitive_attributes": [],
          "private": "bnVsbA==",
          "dependencies": [
            "aws_api_gateway_resource.orders",
            "aws_api_gateway_rest_api.food_delivery_api"
          ]
        }
      ]
    },
    {
      "mode": "managed",
      "type": "aws_api_gateway_method",
      "name": "get_restaurants",
      "provider": "provider[\"registry.terraform.io/hashicorp/aws\"]",
      "instances": [
        {
          "schema_version": 0,
          "attributes": {
            "api_key_required": false,
            "authorization": "NONE",
            "authorization_scopes": [],
            "authorizer_id": "",
            "http_method": "GET",
            "id": "agm-njbhhwu7y7-usgnvm-GET",
            "operation_name": "",
            "request_models": {},
            "request_parameters": {},
            "request_validator_id": "",
            "resource_id": "usgnvm",
            "rest_api_id": "njbhhwu7y7"
          },
          "sensitive_attributes": [],
          "private": "bnVsbA==",
          "dependencies": [
            "aws_api_gateway_resource.restaurants",
            "aws_api_gateway_rest_api.food_delivery_api"
          ]
        }
      ]
    },
    {
      "mode": "managed",
      "type": "aws_api_gateway_method",
      "name": "post_menu",
      "provider": "provider[\"registry.terraform.io/hashicorp/aws\"]",
      "instances": [
        {
          "schema_version": 0,
          "attributes": {
            "api_key_required": false,
            "authorization": "NONE",
            "authorization_scopes": [],
            "authorizer_id": "",
            "http_method": "POST",
            "id": "agm-njbhhwu7y7-ymiwvt-POST",
            "operation_name": "",
            "request_models": {},
            "request_parameters": {},
            "request_validator_id": "",
            "resource_id": "ymiwvt",
            "rest_api_id": "njbhhwu7y7"
          },
          "sensitive_attributes": [],
          "private": "bnVsbA==",
          "dependencies": [
            "aws_api_gateway_resource.menu",
            "aws_api_gateway_rest_api.food_delivery_api"
          ]
        }
      ]
    },
    {
      "mode": "managed",
      "type": "aws_api_gateway_method",
      "name": "post_order",
      "provider": "provider[\"registry.terraform.io/hashicorp/aws\"]",
      "instances": [
        {
          "schema_version": 0,
          "attributes": {
            "api_key_required": false,
            "authorization": "NONE",
            "authorization_scopes": null,
            "authorizer_id": null,
            "http_method": "POST",
            "id": "agm-njbhhwu7y7-2z4i13-POST",
            "operation_name": null,
            "request_models": null,
            "request_parameters": null,
            "request_validator_id": null,
            "resource_id": "2z4i13",
            "rest_api_id": "njbhhwu7y7"
          },
          "sensitive_attributes": [],
          "private": "bnVsbA==",
          "dependencies": [
            "aws_api_gateway_resource.orders",
            "aws_api_gateway_rest_api.food_delivery_api"
          ]
        }
      ]
    },
    {
      "mode": "managed",
      "type": "aws_api_gateway_method",
      "name": "post_restaurant",
      "provider": "provider[\"registry.terraform.io/hashicorp/aws\"]",
      "instances": [
        {
          "schema_version": 0,
          "attributes": {
            "api_key_required": false,
            "authorization": "NONE",
            "authorization_scopes": [],
            "authorizer_id": "",
            "http_method": "POST",
            "id": "agm-njbhhwu7y7-usgnvm-POST",
            "operation_name": "",
            "request_models": {},
            "request_parameters": {},
            "request_validator_id": "",
            "resource_id": "usgnvm",
            "rest_api_id": "njbhhwu7y7"
          },
          "sensitive_attributes": [],
          "private": "bnVsbA==",
          "dependencies": [
            "aws_api_gateway_resource.restaurants",
            "aws_api_gateway_rest_api.food_delivery_api"
          ]
        }
      ]
    },
    {
      "mode": "managed",
      "type": "aws_api_gateway_resource",
      "name": "menu",
      "provider": "provider[\"registry.terraform.io/hashicorp/aws\"]",
      "instances": [
        {
          "schema_version": 0,
          "attributes": {
            "id": "ymiwvt",
            "parent_id": "1orrp1mjm8",
            "path": "/menu",
            "path_part": "menu",
            "rest_api_id": "njbhhwu7y7"
          },
          "sensitive_attributes": [],
          "private": "bnVsbA==",
          "dependencies": [
            "aws_api_gateway_rest_api.food_delivery_api"
          ]
        }
      ]
    },
    {
      "mode": "managed",
      "type": "aws_api_gateway_resource",
      "name": "orders",
      "provider": "provider[\"registry.terraform.io/hashicorp/aws\"]",
      "instances": [
        {
          "schema_version": 0,
          "attributes": {
            "id": "2z4i13",
            "parent_id": "1orrp1mjm8",
            "path": "/orders",
            "path_part": "orders",
            "rest_api_id": "njbhhwu7y7"
          },
          "sensitive_attributes": [],
          "private": "bnVsbA==",
          "dependencies": [
            "aws_api_gateway_rest_api.food_delivery_api"
          ]
        }
      ]
    },
    {
      "mode": "managed",
      "type": "aws_api_gateway_resource",
      "name": "restaurants",
      "provider": "provider[\"registry.terraform.io/hashicorp/aws\"]",
      "instances": [
        {
          "schema_version": 0,
          "attributes": {
            "id": "usgnvm",
            "parent_id": "1orrp1mjm8",
            "path": "/restaurants",
            "path_part": "restaurants",
            "rest_api_id": "njbhhwu7y7"
          },
          "sensitive_attributes": [],
          "private": "bnVsbA==",
          "dependencies": [
            "aws_api_gateway_rest_api.food_delivery_api"
          ]
        }
      ]
    },
    {
      "mode": "managed",
      "type": "aws_api_gateway_rest_api",
      "name": "food_delivery_api",
      "provider": "provider[\"registry.terraform.io/hashicorp/aws\"]",
      "instances": [
        {
          "schema_version": 0,
          "attributes": {
            "api_key_source": "HEADER",
            "arn": "arn:aws:apigateway:us-west-1::/restapis/njbhhwu7y7",
            "binary_media_types": [],
            "body": null,
            "created_date": "2024-12-01T22:00:43Z",
            "description": "API Gateway for the Food Delivery Application",
            "disable_execute_api_endpoint": false,
            "endpoint_configuration": [
              {
                "types": [
                  "EDGE"
                ],
                "vpc_endpoint_ids": []
              }
            ],
            "execution_arn": "arn:aws:execute-api:us-west-1:992382397944:njbhhwu7y7",
            "fail_on_warnings": null,
            "id": "njbhhwu7y7",
            "minimum_compression_size": -1,
            "name": "food-delivery-api",
            "parameters": null,
            "policy": "",
            "put_rest_api_mode": null,
            "root_resource_id": "1orrp1mjm8",
            "tags": {},
            "tags_all": {}
          },
          "sensitive_attributes": [],
          "private": "bnVsbA=="
        }
      ]
    },
    {
      "mode": "managed",
      "type": "aws_db_instance",
      "name": "food_delivery_db",
      "provider": "provider[\"registry.terraform.io/hashicorp/aws\"]",
      "instances": [
        {
          "schema_version": 1,
          "attributes": {
            "address": "food-delivery-db.cl4yg086473r.us-west-1.rds.amazonaws.com",
            "allocated_storage": 20,
            "allow_major_version_upgrade": null,
            "apply_immediately": false,
            "arn": "arn:aws:rds:us-west-1:992382397944:db:food-delivery-db",
            "auto_minor_version_upgrade": true,
            "availability_zone": "us-west-1b",
            "backup_retention_period": 0,
            "backup_window": "08:12-08:42",
            "blue_green_update": [],
            "ca_cert_identifier": "rds-ca-rsa2048-g1",
            "character_set_name": "",
            "copy_tags_to_snapshot": false,
            "custom_iam_instance_profile": "",
            "customer_owned_ip_enabled": false,
            "db_name": "fooddeliverydb",
            "db_subnet_group_name": "rds-subnet-group",
            "delete_automated_backups": true,
            "deletion_protection": false,
            "domain": "",
            "domain_iam_role_name": "",
            "enabled_cloudwatch_logs_exports": [],
            "endpoint": "food-delivery-db.cl4yg086473r.us-west-1.rds.amazonaws.com:3306",
            "engine": "mysql",
            "engine_version": "8.0",
            "engine_version_actual": "8.0.39",
            "final_snapshot_identifier": null,
            "hosted_zone_id": "Z10WI91S59XXQN",
            "iam_database_authentication_enabled": false,
            "id": "food-delivery-db",
            "identifier": "food-delivery-db",
            "identifier_prefix": "",
            "instance_class": "db.t3.micro",
            "iops": 0,
            "kms_key_id": "",
            "latest_restorable_time": "",
            "license_model": "general-public-license",
            "listener_endpoint": [],
            "maintenance_window": "tue:06:02-tue:06:32",
            "manage_master_user_password": null,
            "master_user_secret": [],
            "master_user_secret_kms_key_id": null,
            "max_allocated_storage": 0,
            "monitoring_interval": 0,
            "monitoring_role_arn": "",
            "multi_az": false,
            "name": "fooddeliverydb",
            "nchar_character_set_name": "",
            "network_type": "IPV4",
            "option_group_name": "default:mysql-8-0",
            "parameter_group_name": "default.mysql8.0",
            "password": "UberSecretPassword",
            "performance_insights_enabled": false,
            "performance_insights_kms_key_id": "",
            "performance_insights_retention_period": 0,
            "port": 3306,
            "publicly_accessible": false,
            "replica_mode": "",
            "replicas": [],
            "replicate_source_db": "",
            "resource_id": "db-LHNWTTS6RESI2LWOUA3ELRBMLQ",
            "restore_to_point_in_time": [],
            "s3_import": [],
            "security_group_names": [],
            "skip_final_snapshot": true,
            "snapshot_identifier": null,
            "status": "available",
            "storage_encrypted": false,
            "storage_throughput": 0,
            "storage_type": "gp2",
            "tags": {
              "Name": "FoodDeliveryRDSInstance"
            },
            "tags_all": {
              "Name": "FoodDeliveryRDSInstance"
            },
            "timeouts": null,
            "timezone": "",
            "username": "ananya",
            "vpc_security_group_ids": [
              "sg-0a86beff13f5c7506"
            ]
          },
          "sensitive_attributes": [
            [
              {
                "type": "get_attr",
                "value": "password"
              }
            ]
          ],
          "private": "eyJlMmJmYjczMC1lY2FhLTExZTYtOGY4OC0zNDM2M2JjN2M0YzAiOnsiY3JlYXRlIjoyNDAwMDAwMDAwMDAwLCJkZWxldGUiOjM2MDAwMDAwMDAwMDAsInVwZGF0ZSI6NDgwMDAwMDAwMDAwMH0sInNjaGVtYV92ZXJzaW9uIjoiMSJ9",
          "dependencies": [
            "aws_db_subnet_group.rds_subnet_group",
            "aws_security_group.allow_ssh_http_1",
            "aws_security_group.rds_sg",
            "aws_subnet.private_subnet_1",
            "aws_subnet.private_subnet_2",
            "aws_vpc.main"
          ]
        }
      ]
    },
    {
      "mode": "managed",
      "type": "aws_db_subnet_group",
      "name": "rds_subnet_group",
      "provider": "provider[\"registry.terraform.io/hashicorp/aws\"]",
      "instances": [
        {
          "schema_version": 0,
          "attributes": {
            "arn": "arn:aws:rds:us-west-1:992382397944:subgrp:rds-subnet-group",
            "description": "Managed by Terraform",
            "id": "rds-subnet-group",
            "name": "rds-subnet-group",
            "name_prefix": "",
            "subnet_ids": [
              "subnet-005159d9745fbf3fd",
              "subnet-073260d27a04d5051"
            ],
            "supported_network_types": [
              "IPV4"
            ],
            "tags": {
              "Name": "RDS subnet group"
            },
            "tags_all": {
              "Name": "RDS subnet group"
            },
            "vpc_id": "vpc-0b87d808cfb441538"
          },
          "sensitive_attributes": [],
          "private": "bnVsbA==",
          "dependencies": [
            "aws_subnet.private_subnet_1",
            "aws_subnet.private_subnet_2",
            "aws_vpc.main"
          ]
        }
      ]
    },
    {
      "mode": "managed",
      "type": "aws_iam_role",
      "name": "lambda_role",
      "provider": "provider[\"registry.terraform.io/hashicorp/aws\"]",
      "instances": [
        {
          "schema_version": 0,
          "attributes": {
            "arn": "arn:aws:iam::992382397944:role/lambda_role",
            "assume_role_policy": "{\"Statement\":[{\"Action\":\"sts:AssumeRole\",\"Effect\":\"Allow\",\"Principal\":{\"Service\":\"lambda.amazonaws.com\"}}],\"Version\":\"2012-10-17\"}",
            "create_date": "2024-12-01T22:00:43Z",
            "description": "",
            "force_detach_policies": false,
            "id": "lambda_role",
            "inline_policy": [],
            "managed_policy_arns": [
              "arn:aws:iam::aws:policy/service-role/AWSLambdaBasicExecutionRole",
              "arn:aws:iam::aws:policy/service-role/AWSLambdaVPCAccessExecutionRole"
            ],
            "max_session_duration": 3600,
            "name": "lambda_role",
            "name_prefix": "",
            "path": "/",
            "permissions_boundary": null,
            "role_last_used": [
              {
                "last_used_date": "2024-12-03T22:37:42Z",
                "region": "us-west-1"
              }
            ],
            "tags": {},
            "tags_all": {},
            "unique_id": "AROA6ODUZVX4M4KHE4TNL"
          },
          "sensitive_attributes": [],
          "private": "bnVsbA=="
        }
      ]
    },
    {
      "mode": "managed",
      "type": "aws_iam_role_policy_attachment",
      "name": "lambda_basic_execution",
      "provider": "provider[\"registry.terraform.io/hashicorp/aws\"]",
      "instances": [
        {
          "schema_version": 0,
          "attributes": {
            "id": "lambda_role-20241201220044435700000001",
            "policy_arn": "arn:aws:iam::aws:policy/service-role/AWSLambdaBasicExecutionRole",
            "role": "lambda_role"
          },
          "sensitive_attributes": [],
          "private": "bnVsbA==",
          "dependencies": [
            "aws_iam_role.lambda_role"
          ]
        }
      ]
    },
    {
      "mode": "managed",
      "type": "aws_instance",
      "name": "backend_instance",
      "provider": "provider[\"registry.terraform.io/hashicorp/aws\"]",
      "instances": [
        {
          "schema_version": 1,
          "attributes": {
            "ami": "ami-0d53d72369335a9d6",
            "arn": "arn:aws:ec2:us-west-1:992382397944:instance/i-008b2b58de532395b",
            "associate_public_ip_address": true,
            "availability_zone": "us-west-1b",
            "capacity_reservation_specification": [
              {
                "capacity_reservation_preference": "open",
                "capacity_reservation_target": []
              }
            ],
            "cpu_core_count": 1,
            "cpu_options": [
              {
                "amd_sev_snp": "",
                "core_count": 1,
                "threads_per_core": 1
              }
            ],
            "cpu_threads_per_core": 1,
            "credit_specification": [
              {
                "cpu_credits": "standard"
              }
            ],
            "disable_api_stop": false,
            "disable_api_termination": false,
            "ebs_block_device": [],
            "ebs_optimized": false,
            "enclave_options": [
              {
                "enabled": false
              }
            ],
            "ephemeral_block_device": [],
            "get_password_data": false,
            "hibernation": false,
            "host_id": "",
            "host_resource_group_arn": null,
            "iam_instance_profile": "",
            "id": "i-008b2b58de532395b",
            "instance_initiated_shutdown_behavior": "stop",
            "instance_state": "running",
            "instance_type": "t2.micro",
            "ipv6_address_count": 0,
            "ipv6_addresses": [],
            "key_name": "key",
            "launch_template": [],
            "maintenance_options": [
              {
                "auto_recovery": "default"
              }
            ],
            "metadata_options": [
              {
                "http_endpoint": "enabled",
                "http_put_response_hop_limit": 2,
                "http_tokens": "required",
                "instance_metadata_tags": "disabled"
              }
            ],
            "monitoring": false,
            "network_interface": [],
            "outpost_arn": "",
            "password_data": "",
            "placement_group": "",
            "placement_partition_number": 0,
            "primary_network_interface_id": "eni-0ad9e173e3b4ba853",
            "private_dns": "ip-10-0-3-242.us-west-1.compute.internal",
            "private_dns_name_options": [
              {
                "enable_resource_name_dns_a_record": false,
                "enable_resource_name_dns_aaaa_record": false,
                "hostname_type": "ip-name"
              }
            ],
            "private_ip": "10.0.3.242",
            "public_dns": "ec2-3-101-151-152.us-west-1.compute.amazonaws.com",
            "public_ip": "3.101.151.152",
            "root_block_device": [
              {
                "delete_on_termination": true,
                "device_name": "/dev/sda1",
                "encrypted": false,
                "iops": 3000,
                "kms_key_id": "",
                "tags": {},
                "throughput": 125,
                "volume_id": "vol-09b42add072dc6216",
                "volume_size": 8,
                "volume_type": "gp3"
              }
            ],
            "secondary_private_ips": [],
            "security_groups": [],
            "source_dest_check": true,
            "subnet_id": "subnet-06b34793512f39a54",
            "tags": {
              "Name": "FoodDeliveryBackend"
            },
            "tags_all": {
              "Name": "FoodDeliveryBackend"
            },
            "tenancy": "default",
            "timeouts": null,
            "user_data": "545f8abe6de1785c81b2854e7aa20893e487681c",
            "user_data_base64": null,
            "user_data_replace_on_change": false,
            "volume_tags": null,
            "vpc_security_group_ids": [
              "sg-0e383572499c24007",
              "sg-0f560b701d0470e62"
            ]
          },
          "sensitive_attributes": [],
          "private": "eyJlMmJmYjczMC1lY2FhLTExZTYtOGY4OC0zNDM2M2JjN2M0YzAiOnsiY3JlYXRlIjo2MDAwMDAwMDAwMDAsImRlbGV0ZSI6MTIwMDAwMDAwMDAwMCwidXBkYXRlIjo2MDAwMDAwMDAwMDB9LCJzY2hlbWFfdmVyc2lvbiI6IjEifQ==",
          "dependencies": [
            "aws_key_pair.key_pair",
            "aws_security_group.allow_ssh_http_1",
            "aws_security_group.lambda_sg",
            "aws_subnet.public_subnet_1",
            "aws_vpc.main",
            "tls_private_key.key"
          ]
        }
      ]
    },
    {
      "mode": "managed",
      "type": "aws_internet_gateway",
      "name": "main",
      "provider": "provider[\"registry.terraform.io/hashicorp/aws\"]",
      "instances": [
        {
          "schema_version": 0,
          "attributes": {
            "arn": "arn:aws:ec2:us-west-1:992382397944:internet-gateway/igw-01983d3aeb0a25dc4",
            "id": "igw-01983d3aeb0a25dc4",
            "owner_id": "992382397944",
            "tags": {
              "Name": "Main IGW"
            },
            "tags_all": {
              "Name": "Main IGW"
            },
            "timeouts": null,
            "vpc_id": "vpc-0b87d808cfb441538"
          },
          "sensitive_attributes": [],
          "private": "eyJlMmJmYjczMC1lY2FhLTExZTYtOGY4OC0zNDM2M2JjN2M0YzAiOnsiY3JlYXRlIjoxMjAwMDAwMDAwMDAwLCJkZWxldGUiOjEyMDAwMDAwMDAwMDAsInVwZGF0ZSI6MTIwMDAwMDAwMDAwMH19",
          "dependencies": [
            "aws_vpc.main"
          ]
        }
      ]
    },
    {
      "mode": "managed",
      "type": "aws_key_pair",
      "name": "key_pair",
      "provider": "provider[\"registry.terraform.io/hashicorp/aws\"]",
      "instances": [
        {
          "schema_version": 1,
          "attributes": {
            "arn": "arn:aws:ec2:us-west-1:992382397944:key-pair/key",
            "fingerprint": "e1:95:21:00:d9:4b:f5:15:e6:86:da:be:fc:bc:60:06",
            "id": "key",
            "key_name": "key",
            "key_name_prefix": "",
            "key_pair_id": "key-0ea0504f8a88f288e",
            "key_type": "rsa",
            "public_key": "ssh-rsa AAAAB3NzaC1yc2EAAAADAQABAAACAQDDKO7J/1K8xACojrwFJvAk9XrG1RHLRx0LFAwBvG6A1FvY+q66jPp49B8ToqyOlan7cY4qygeYErIdflkX6R2HsBv6qaP+q2Rh7tpL3+bW/x9z7ZJ+gf6MtkUuXYetsR3C5AMmEFlV67swaqRfYTCeQ27uu/oDZHJzbsLjxal1NUQ+U/zXyE5d1ssRv3p8Gz/EA80Sij6eQfIBivw2WVT/3Kf4EE7kF4XYiiz9mUX1uqqlnOpWazlB06okyirHYz1vAW4zZ4HcPpBv2mw759/HZPi77vT/zr3ZUz7NaJ8b3y7lR4Wx/uWlrEYjwuFKcndLpXI8fuHqy1/lD7c3MMLDnuMSwRvGhz/tyZVqsqArX8wmpk0GmpS5KXOWjxt4mjqGcUEehz9c/ynLxlS4GgiiJl6QV17YrmMg50ej5z2P8uB7VjX6yG92Fq+rhUN2qaUuddsqWDn5rNCMxV3mlEPUovZbxuflpw940tl5PFk6dOKv7CzvWFe/UoX9H9ylfv/p00ku7SUGFhQpsvnkKHrz3YSXHIh+t9w8qCba9rAFhPeOYjVPoGSv51Z0RFOhMfHoPAk7vqxMmA4P7rUIKpJLmHKkh10EA3E0EoT4JIcQQ8rEf3j7JRiSUOmzeZtLKUwLwa7l/6o3dfEG5a0x3Cl+2SRlcpMGk1mq0LJT3JznkQ==",
            "tags": {},
            "tags_all": {}
          },
          "sensitive_attributes": [],
          "private": "eyJzY2hlbWFfdmVyc2lvbiI6IjEifQ==",
          "dependencies": [
            "tls_private_key.key"
          ]
        }
      ]
    },
    {
      "mode": "managed",
      "type": "aws_lambda_function",
      "name": "get_menu",
      "provider": "provider[\"registry.terraform.io/hashicorp/aws\"]",
      "instances": [
        {
          "schema_version": 0,
          "attributes": {
            "architectures": [
              "x86_64"
            ],
            "arn": "arn:aws:lambda:us-west-1:992382397944:function:get_menu",
            "code_signing_config_arn": "",
            "dead_letter_config": [],
            "description": "",
            "environment": [
              {
                "variables": {
                  "DB_HOST": "food-delivery-db.cl4yg086473r.us-west-1.rds.amazonaws.com",
                  "DB_NAME": "fooddeliverydb",
                  "DB_USER": "ananya"
                }
              }
            ],
            "ephemeral_storage": [
              {
                "size": 512
              }
            ],
            "file_system_config": [],
            "filename": "/Users/akshashe/Documents/Cloud Technologies/food_delivery_project/lambda_functions/get_menu.zip",
            "function_name": "get_menu",
            "handler": "index.handler",
            "id": "get_menu",
            "image_config": [],
            "image_uri": "",
            "invoke_arn": "arn:aws:apigateway:us-west-1:lambda:path/2015-03-31/functions/arn:aws:lambda:us-west-1:992382397944:function:get_menu/invocations",
            "kms_key_arn": "",
            "last_modified": "2024-12-04T04:02:03.000+0000",
            "layers": [],
            "memory_size": 128,
            "package_type": "Zip",
            "publish": false,
            "qualified_arn": "arn:aws:lambda:us-west-1:992382397944:function:get_menu:$LATEST",
            "qualified_invoke_arn": "arn:aws:apigateway:us-west-1:lambda:path/2015-03-31/functions/arn:aws:lambda:us-west-1:992382397944:function:get_menu:$LATEST/invocations",
            "replace_security_groups_on_destroy": null,
            "replacement_security_group_ids": null,
            "reserved_concurrent_executions": -1,
            "role": "arn:aws:iam::992382397944:role/lambda_role",
            "runtime": "nodejs18.x",
            "s3_bucket": null,
            "s3_key": null,
            "s3_object_version": null,
            "signing_job_arn": "",
            "signing_profile_version_arn": "",
            "skip_destroy": false,
            "snap_start": [],
            "source_code_hash": "+VQAXeXQJC/145E1684rh/m1TKSy0pSWo43TAhjfXe0=",
            "source_code_size": 588545,
            "tags": {},
            "tags_all": {},
            "timeout": 3,
            "timeouts": null,
            "tracing_config": [
              {
                "mode": "PassThrough"
              }
            ],
            "version": "$LATEST",
            "vpc_config": []
          },
          "sensitive_attributes": [],
          "private": "eyJlMmJmYjczMC1lY2FhLTExZTYtOGY4OC0zNDM2M2JjN2M0YzAiOnsiY3JlYXRlIjo2MDAwMDAwMDAwMDAsImRlbGV0ZSI6NjAwMDAwMDAwMDAwLCJ1cGRhdGUiOjYwMDAwMDAwMDAwMH19",
          "dependencies": [
            "aws_db_instance.food_delivery_db",
            "aws_db_subnet_group.rds_subnet_group",
            "aws_iam_role.lambda_role",
            "aws_security_group.allow_ssh_http_1",
            "aws_security_group.rds_sg",
            "aws_subnet.private_subnet_1",
            "aws_subnet.private_subnet_2",
            "aws_vpc.main"
          ]
        }
      ]
    },
    {
      "mode": "managed",
      "type": "aws_lambda_function",
      "name": "get_restaurants",
      "provider": "provider[\"registry.terraform.io/hashicorp/aws\"]",
      "instances": [
        {
          "schema_version": 0,
          "attributes": {
            "architectures": [
              "x86_64"
            ],
            "arn": "arn:aws:lambda:us-west-1:992382397944:function:get_restaurants",
            "code_signing_config_arn": "",
            "dead_letter_config": [],
            "description": "",
            "environment": [
              {
                "variables": {
                  "DB_HOST": "food-delivery-db.cl4yg086473r.us-west-1.rds.amazonaws.com",
                  "DB_NAME": "fooddeliverydb",
                  "DB_USER": "ananya"
                }
              }
            ],
            "ephemeral_storage": [
              {
                "size": 512
              }
            ],
            "file_system_config": [],
            "filename": "/Users/akshashe/Documents/Cloud Technologies/food_delivery_project/lambda_functions/get_restaurants.zip",
            "function_name": "get_restaurants",
            "handler": "index.handler",
            "id": "get_restaurants",
            "image_config": [],
            "image_uri": "",
            "invoke_arn": "arn:aws:apigateway:us-west-1:lambda:path/2015-03-31/functions/arn:aws:lambda:us-west-1:992382397944:function:get_restaurants/invocations",
            "kms_key_arn": "",
            "last_modified": "2024-12-04T04:02:03.000+0000",
            "layers": [],
            "memory_size": 128,
            "package_type": "Zip",
            "publish": false,
            "qualified_arn": "arn:aws:lambda:us-west-1:992382397944:function:get_restaurants:$LATEST",
            "qualified_invoke_arn": "arn:aws:apigateway:us-west-1:lambda:path/2015-03-31/functions/arn:aws:lambda:us-west-1:992382397944:function:get_restaurants:$LATEST/invocations",
            "replace_security_groups_on_destroy": null,
            "replacement_security_group_ids": null,
            "reserved_concurrent_executions": -1,
            "role": "arn:aws:iam::992382397944:role/lambda_role",
            "runtime": "nodejs18.x",
            "s3_bucket": null,
            "s3_key": null,
            "s3_object_version": null,
            "signing_job_arn": "",
            "signing_profile_version_arn": "",
            "skip_destroy": false,
            "snap_start": [],
            "source_code_hash": "6Jm0xbCD+kY6+L5qS9YHDEJdreKVl7NUGzXnM0CeEtg=",
            "source_code_size": 588593,
            "tags": {},
            "tags_all": {},
            "timeout": 3,
            "timeouts": null,
            "tracing_config": [
              {
                "mode": "PassThrough"
              }
            ],
            "version": "$LATEST",
            "vpc_config": []
          },
          "sensitive_attributes": [],
          "private": "eyJlMmJmYjczMC1lY2FhLTExZTYtOGY4OC0zNDM2M2JjN2M0YzAiOnsiY3JlYXRlIjo2MDAwMDAwMDAwMDAsImRlbGV0ZSI6NjAwMDAwMDAwMDAwLCJ1cGRhdGUiOjYwMDAwMDAwMDAwMH19",
          "dependencies": [
            "aws_db_instance.food_delivery_db",
            "aws_db_subnet_group.rds_subnet_group",
            "aws_iam_role.lambda_role",
            "aws_security_group.allow_ssh_http_1",
            "aws_security_group.rds_sg",
            "aws_subnet.private_subnet_1",
            "aws_subnet.private_subnet_2",
            "aws_vpc.main"
          ]
        }
      ]
    },
    {
      "mode": "managed",
      "type": "aws_lambda_function",
      "name": "post_menu",
      "provider": "provider[\"registry.terraform.io/hashicorp/aws\"]",
      "instances": [
        {
          "schema_version": 0,
          "attributes": {
            "architectures": [
              "x86_64"
            ],
            "arn": "arn:aws:lambda:us-west-1:992382397944:function:post_menu",
            "code_signing_config_arn": "",
            "dead_letter_config": [],
            "description": "",
            "environment": [
              {
                "variables": {
                  "DB_HOST": "food-delivery-db.cl4yg086473r.us-west-1.rds.amazonaws.com",
                  "DB_NAME": "fooddeliverydb",
                  "DB_USER": "ananya"
                }
              }
            ],
            "ephemeral_storage": [
              {
                "size": 512
              }
            ],
            "file_system_config": [],
            "filename": "/Users/akshashe/Documents/Cloud Technologies/food_delivery_project/lambda_functions/post_menu.zip",
            "function_name": "post_menu",
            "handler": "index.handler",
            "id": "post_menu",
            "image_config": [],
            "image_uri": "",
            "invoke_arn": "arn:aws:apigateway:us-west-1:lambda:path/2015-03-31/functions/arn:aws:lambda:us-west-1:992382397944:function:post_menu/invocations",
            "kms_key_arn": "",
            "last_modified": "2024-12-04T04:02:03.000+0000",
            "layers": [],
            "memory_size": 128,
            "package_type": "Zip",
            "publish": false,
            "qualified_arn": "arn:aws:lambda:us-west-1:992382397944:function:post_menu:$LATEST",
            "qualified_invoke_arn": "arn:aws:apigateway:us-west-1:lambda:path/2015-03-31/functions/arn:aws:lambda:us-west-1:992382397944:function:post_menu:$LATEST/invocations",
            "replace_security_groups_on_destroy": null,
            "replacement_security_group_ids": null,
            "reserved_concurrent_executions": -1,
            "role": "arn:aws:iam::992382397944:role/lambda_role",
            "runtime": "nodejs18.x",
            "s3_bucket": null,
            "s3_key": null,
            "s3_object_version": null,
            "signing_job_arn": "",
            "signing_profile_version_arn": "",
            "skip_destroy": false,
            "snap_start": [],
            "source_code_hash": "yWUxQfgcVByf73d2NggHZtegKQukrEZCZV+J8j5J9gU=",
            "source_code_size": 589206,
            "tags": {},
            "tags_all": {},
            "timeout": 3,
            "timeouts": null,
            "tracing_config": [
              {
                "mode": "PassThrough"
              }
            ],
            "version": "$LATEST",
            "vpc_config": []
          },
          "sensitive_attributes": [],
          "private": "eyJlMmJmYjczMC1lY2FhLTExZTYtOGY4OC0zNDM2M2JjN2M0YzAiOnsiY3JlYXRlIjo2MDAwMDAwMDAwMDAsImRlbGV0ZSI6NjAwMDAwMDAwMDAwLCJ1cGRhdGUiOjYwMDAwMDAwMDAwMH19",
          "dependencies": [
            "aws_db_instance.food_delivery_db",
            "aws_db_subnet_group.rds_subnet_group",
            "aws_iam_role.lambda_role",
            "aws_security_group.allow_ssh_http_1",
            "aws_security_group.rds_sg",
            "aws_subnet.private_subnet_1",
            "aws_subnet.private_subnet_2",
            "aws_vpc.main"
          ]
        }
      ]
    },
    {
      "mode": "managed",
      "type": "aws_lambda_function",
      "name": "post_restaurant",
      "provider": "provider[\"registry.terraform.io/hashicorp/aws\"]",
      "instances": [
        {
          "schema_version": 0,
          "attributes": {
            "architectures": [
              "x86_64"
            ],
            "arn": "arn:aws:lambda:us-west-1:992382397944:function:post_restaurant",
            "code_signing_config_arn": "",
            "dead_letter_config": [],
            "description": "",
            "environment": [
              {
                "variables": {
                  "DB_HOST": "food-delivery-db.cl4yg086473r.us-west-1.rds.amazonaws.com",
                  "DB_NAME": "fooddeliverydb",
                  "DB_USER": "ananya"
                }
              }
            ],
            "ephemeral_storage": [
              {
                "size": 512
              }
            ],
            "file_system_config": [],
            "filename": "/Users/akshashe/Documents/Cloud Technologies/food_delivery_project/lambda_functions/post_restaurants.zip",
            "function_name": "post_restaurant",
            "handler": "index.handler",
            "id": "post_restaurant",
            "image_config": [],
            "image_uri": "",
            "invoke_arn": "arn:aws:apigateway:us-west-1:lambda:path/2015-03-31/functions/arn:aws:lambda:us-west-1:992382397944:function:post_restaurant/invocations",
            "kms_key_arn": "",
            "last_modified": "2024-12-04T04:02:03.000+0000",
            "layers": [],
            "memory_size": 128,
            "package_type": "Zip",
            "publish": false,
            "qualified_arn": "arn:aws:lambda:us-west-1:992382397944:function:post_restaurant:$LATEST",
            "qualified_invoke_arn": "arn:aws:apigateway:us-west-1:lambda:path/2015-03-31/functions/arn:aws:lambda:us-west-1:992382397944:function:post_restaurant:$LATEST/invocations",
            "replace_security_groups_on_destroy": null,
            "replacement_security_group_ids": null,
            "reserved_concurrent_executions": -1,
            "role": "arn:aws:iam::992382397944:role/lambda_role",
            "runtime": "nodejs18.x",
            "s3_bucket": null,
            "s3_key": null,
            "s3_object_version": null,
            "signing_job_arn": "",
            "signing_profile_version_arn": "",
            "skip_destroy": false,
            "snap_start": [],
            "source_code_hash": "9lXud3ZldN4EPWlJYU++ZTXUCv21uQl2YuYHRru/71c=",
            "source_code_size": 588671,
            "tags": {},
            "tags_all": {},
            "timeout": 3,
            "timeouts": null,
            "tracing_config": [
              {
                "mode": "PassThrough"
              }
            ],
            "version": "$LATEST",
            "vpc_config": []
          },
          "sensitive_attributes": [],
          "private": "eyJlMmJmYjczMC1lY2FhLTExZTYtOGY4OC0zNDM2M2JjN2M0YzAiOnsiY3JlYXRlIjo2MDAwMDAwMDAwMDAsImRlbGV0ZSI6NjAwMDAwMDAwMDAwLCJ1cGRhdGUiOjYwMDAwMDAwMDAwMH19",
          "dependencies": [
            "aws_db_instance.food_delivery_db",
            "aws_db_subnet_group.rds_subnet_group",
            "aws_iam_role.lambda_role",
            "aws_security_group.allow_ssh_http_1",
            "aws_security_group.rds_sg",
            "aws_subnet.private_subnet_1",
            "aws_subnet.private_subnet_2",
            "aws_vpc.main"
          ]
        }
      ]
    },
    {
      "mode": "managed",
      "type": "aws_lambda_permission",
      "name": "api_gateway_lambda_get_menu",
      "provider": "provider[\"registry.terraform.io/hashicorp/aws\"]",
      "instances": [
        {
          "schema_version": 0,
          "attributes": {
            "action": "lambda:InvokeFunction",
            "event_source_token": null,
            "function_name": "get_menu",
            "function_url_auth_type": null,
            "id": "AllowAPIGatewayInvokeMenu",
            "principal": "apigateway.amazonaws.com",
            "principal_org_id": null,
            "qualifier": "",
            "source_account": null,
            "source_arn": "arn:aws:execute-api:us-west-1:992382397944:njbhhwu7y7/*/GET/menu",
            "statement_id": "AllowAPIGatewayInvokeMenu",
            "statement_id_prefix": ""
          },
          "sensitive_attributes": [],
          "private": "bnVsbA==",
          "dependencies": [
            "aws_api_gateway_rest_api.food_delivery_api",
            "aws_db_instance.food_delivery_db",
            "aws_db_subnet_group.rds_subnet_group",
            "aws_iam_role.lambda_role",
            "aws_lambda_function.get_menu",
            "aws_security_group.allow_ssh_http_1",
            "aws_security_group.rds_sg",
            "aws_subnet.private_subnet_1",
            "aws_subnet.private_subnet_2",
            "aws_vpc.main"
          ]
        }
      ]
    },
    {
      "mode": "managed",
      "type": "aws_lambda_permission",
      "name": "api_gateway_lambda_get_restaurants",
      "provider": "provider[\"registry.terraform.io/hashicorp/aws\"]",
      "instances": [
        {
          "schema_version": 0,
          "attributes": {
            "action": "lambda:InvokeFunction",
            "event_source_token": null,
            "function_name": "get_restaurants",
            "function_url_auth_type": null,
            "id": "AllowAPIGatewayInvokeGetRestaurants",
            "principal": "apigateway.amazonaws.com",
            "principal_org_id": null,
            "qualifier": "",
            "source_account": null,
            "source_arn": "arn:aws:execute-api:us-west-1:992382397944:njbhhwu7y7/*/GET/restaurants",
            "statement_id": "AllowAPIGatewayInvokeGetRestaurants",
            "statement_id_prefix": ""
          },
          "sensitive_attributes": [],
          "private": "bnVsbA==",
          "dependencies": [
            "aws_api_gateway_rest_api.food_delivery_api",
            "aws_db_instance.food_delivery_db",
            "aws_db_subnet_group.rds_subnet_group",
            "aws_iam_role.lambda_role",
            "aws_lambda_function.get_restaurants",
            "aws_security_group.allow_ssh_http_1",
            "aws_security_group.rds_sg",
            "aws_subnet.private_subnet_1",
            "aws_subnet.private_subnet_2",
            "aws_vpc.main"
          ]
        }
      ]
    },
    {
      "mode": "managed",
      "type": "aws_lambda_permission",
      "name": "api_gateway_lambda_post_menu",
      "provider": "provider[\"registry.terraform.io/hashicorp/aws\"]",
      "instances": [
        {
          "schema_version": 0,
          "attributes": {
            "action": "lambda:InvokeFunction",
            "event_source_token": null,
            "function_name": "post_menu",
            "function_url_auth_type": null,
            "id": "AllowAPIGatewayInvokePostMenu",
            "principal": "apigateway.amazonaws.com",
            "principal_org_id": null,
            "qualifier": "",
            "source_account": null,
            "source_arn": "arn:aws:execute-api:us-west-1:992382397944:njbhhwu7y7/*/POST/menu",
            "statement_id": "AllowAPIGatewayInvokePostMenu",
            "statement_id_prefix": ""
          },
          "sensitive_attributes": [],
          "private": "bnVsbA==",
          "dependencies": [
            "aws_api_gateway_rest_api.food_delivery_api",
            "aws_db_instance.food_delivery_db",
            "aws_db_subnet_group.rds_subnet_group",
            "aws_iam_role.lambda_role",
            "aws_lambda_function.post_menu",
            "aws_security_group.allow_ssh_http_1",
            "aws_security_group.rds_sg",
            "aws_subnet.private_subnet_1",
            "aws_subnet.private_subnet_2",
            "aws_vpc.main"
          ]
        }
      ]
    },
    {
      "mode": "managed",
      "type": "aws_lambda_permission",
      "name": "api_gateway_lambda_post_restaurant",
      "provider": "provider[\"registry.terraform.io/hashicorp/aws\"]",
      "instances": [
        {
          "schema_version": 0,
          "attributes": {
            "action": "lambda:InvokeFunction",
            "event_source_token": null,
            "function_name": "post_restaurant",
            "function_url_auth_type": null,
            "id": "AllowAPIGatewayInvokePostRestaurant",
            "principal": "apigateway.amazonaws.com",
            "principal_org_id": null,
            "qualifier": "",
            "source_account": null,
            "source_arn": "arn:aws:execute-api:us-west-1:992382397944:njbhhwu7y7/*/POST/restaurants",
            "statement_id": "AllowAPIGatewayInvokePostRestaurant",
            "statement_id_prefix": ""
          },
          "sensitive_attributes": [],
          "private": "bnVsbA==",
          "dependencies": [
            "aws_api_gateway_rest_api.food_delivery_api",
            "aws_db_instance.food_delivery_db",
            "aws_db_subnet_group.rds_subnet_group",
            "aws_iam_role.lambda_role",
            "aws_lambda_function.post_restaurant",
            "aws_security_group.allow_ssh_http_1",
            "aws_security_group.rds_sg",
            "aws_subnet.private_subnet_1",
            "aws_subnet.private_subnet_2",
            "aws_vpc.main"
          ]
        }
      ]
    },
    {
      "mode": "managed",
      "type": "aws_route_table",
      "name": "public",
      "provider": "provider[\"registry.terraform.io/hashicorp/aws\"]",
      "instances": [
        {
          "schema_version": 0,
          "attributes": {
            "arn": "arn:aws:ec2:us-west-1:992382397944:route-table/rtb-0155b9256b9e9efd2",
            "id": "rtb-0155b9256b9e9efd2",
            "owner_id": "992382397944",
            "propagating_vgws": [],
            "route": [
              {
                "carrier_gateway_id": "",
                "cidr_block": "0.0.0.0/0",
                "core_network_arn": "",
                "destination_prefix_list_id": "",
                "egress_only_gateway_id": "",
                "gateway_id": "igw-01983d3aeb0a25dc4",
                "instance_id": "",
                "ipv6_cidr_block": "",
                "local_gateway_id": "",
                "nat_gateway_id": "",
                "network_interface_id": "",
                "transit_gateway_id": "",
                "vpc_endpoint_id": "",
                "vpc_peering_connection_id": ""
              }
            ],
            "tags": {
              "Name": "Public Route Table"
            },
            "tags_all": {
              "Name": "Public Route Table"
            },
            "timeouts": null,
            "vpc_id": "vpc-0b87d808cfb441538"
          },
          "sensitive_attributes": [],
          "private": "eyJlMmJmYjczMC1lY2FhLTExZTYtOGY4OC0zNDM2M2JjN2M0YzAiOnsiY3JlYXRlIjozMDAwMDAwMDAwMDAsImRlbGV0ZSI6MzAwMDAwMDAwMDAwLCJ1cGRhdGUiOjEyMDAwMDAwMDAwMH19",
          "dependencies": [
            "aws_internet_gateway.main",
            "aws_vpc.main"
          ]
        }
      ]
    },
    {
      "mode": "managed",
      "type": "aws_route_table_association",
      "name": "public_1",
      "provider": "provider[\"registry.terraform.io/hashicorp/aws\"]",
      "instances": [
        {
          "schema_version": 0,
          "attributes": {
            "gateway_id": "",
            "id": "rtbassoc-07e97079562ffa28b",
            "route_table_id": "rtb-0155b9256b9e9efd2",
            "subnet_id": "subnet-06b34793512f39a54",
            "timeouts": null
          },
          "sensitive_attributes": [],
          "private": "eyJlMmJmYjczMC1lY2FhLTExZTYtOGY4OC0zNDM2M2JjN2M0YzAiOnsiY3JlYXRlIjozMDAwMDAwMDAwMDAsImRlbGV0ZSI6MzAwMDAwMDAwMDAwLCJ1cGRhdGUiOjEyMDAwMDAwMDAwMH19",
          "dependencies": [
            "aws_internet_gateway.main",
            "aws_route_table.public",
            "aws_subnet.public_subnet_1",
            "aws_vpc.main"
          ]
        }
      ]
    },
    {
      "mode": "managed",
      "type": "aws_security_group",
      "name": "allow_ssh_http_1",
      "provider": "provider[\"registry.terraform.io/hashicorp/aws\"]",
      "instances": [
        {
          "schema_version": 1,
          "attributes": {
            "arn": "arn:aws:ec2:us-west-1:992382397944:security-group/sg-0e383572499c24007",
            "description": "Allow TLS inbound traffic and all outbound traffic",
            "egress": [
              {
                "cidr_blocks": [
                  "0.0.0.0/0"
                ],
                "description": "",
                "from_port": 0,
                "ipv6_cidr_blocks": [
                  "::/0"
                ],
                "prefix_list_ids": [],
                "protocol": "-1",
                "security_groups": [],
                "self": false,
                "to_port": 0
              }
            ],
            "id": "sg-0e383572499c24007",
            "ingress": [
              {
                "cidr_blocks": [
                  "0.0.0.0/0"
                ],
                "description": "",
                "from_port": 22,
                "ipv6_cidr_blocks": [
                  "::/0"
                ],
                "prefix_list_ids": [],
                "protocol": "tcp",
                "security_groups": [],
                "self": false,
                "to_port": 22
              },
              {
                "cidr_blocks": [
                  "0.0.0.0/0"
                ],
                "description": "",
                "from_port": 80,
                "ipv6_cidr_blocks": [
                  "::/0"
                ],
                "prefix_list_ids": [],
                "protocol": "tcp",
                "security_groups": [],
                "self": false,
                "to_port": 80
              }
            ],
            "name": "allow_ssh_http_1",
            "name_prefix": "",
            "owner_id": "992382397944",
            "revoke_rules_on_delete": false,
            "tags": {
              "Name": "allow_ssh_http_1"
            },
            "tags_all": {
              "Name": "allow_ssh_http_1"
            },
            "timeouts": null,
            "vpc_id": "vpc-0b87d808cfb441538"
          },
          "sensitive_attributes": [],
          "private": "eyJlMmJmYjczMC1lY2FhLTExZTYtOGY4OC0zNDM2M2JjN2M0YzAiOnsiY3JlYXRlIjo2MDAwMDAwMDAwMDAsImRlbGV0ZSI6OTAwMDAwMDAwMDAwfSwic2NoZW1hX3ZlcnNpb24iOiIxIn0=",
          "dependencies": [
            "aws_vpc.main"
          ]
        }
      ]
    },
    {
      "mode": "managed",
      "type": "aws_security_group",
      "name": "lambda_sg",
      "provider": "provider[\"registry.terraform.io/hashicorp/aws\"]",
      "instances": [
        {
          "schema_version": 1,
          "attributes": {
            "arn": "arn:aws:ec2:us-west-1:992382397944:security-group/sg-0f560b701d0470e62",
            "description": "Security group for Lambda functions",
            "egress": [
              {
                "cidr_blocks": [
                  "0.0.0.0/0"
                ],
                "description": "",
                "from_port": 0,
                "ipv6_cidr_blocks": [],
                "prefix_list_ids": [],
                "protocol": "-1",
                "security_groups": [],
                "self": false,
                "to_port": 0
              }
            ],
            "id": "sg-0f560b701d0470e62",
            "ingress": [],
            "name": "lambda-security-group",
            "name_prefix": "",
            "owner_id": "992382397944",
            "revoke_rules_on_delete": false,
            "tags": {},
            "tags_all": {},
            "timeouts": null,
            "vpc_id": "vpc-0b87d808cfb441538"
          },
          "sensitive_attributes": [],
          "private": "eyJlMmJmYjczMC1lY2FhLTExZTYtOGY4OC0zNDM2M2JjN2M0YzAiOnsiY3JlYXRlIjo2MDAwMDAwMDAwMDAsImRlbGV0ZSI6OTAwMDAwMDAwMDAwfSwic2NoZW1hX3ZlcnNpb24iOiIxIn0=",
          "dependencies": [
            "aws_vpc.main"
          ]
        }
      ]
    },
    {
      "mode": "managed",
      "type": "aws_security_group",
      "name": "rds_sg",
      "provider": "provider[\"registry.terraform.io/hashicorp/aws\"]",
      "instances": [
        {
          "schema_version": 1,
          "attributes": {
            "arn": "arn:aws:ec2:us-west-1:992382397944:security-group/sg-0a86beff13f5c7506",
            "description": "Security group for RDS instance",
            "egress": [
              {
                "cidr_blocks": [
                  "0.0.0.0/0"
                ],
                "description": "",
                "from_port": 0,
                "ipv6_cidr_blocks": [],
                "prefix_list_ids": [],
                "protocol": "-1",
                "security_groups": [],
                "self": false,
                "to_port": 0
              }
            ],
            "id": "sg-0a86beff13f5c7506",
            "ingress": [
              {
                "cidr_blocks": [],
                "description": "",
                "from_port": 3306,
                "ipv6_cidr_blocks": [],
                "prefix_list_ids": [],
                "protocol": "tcp",
                "security_groups": [
                  "sg-0e383572499c24007"
                ],
                "self": false,
                "to_port": 3306
              }
            ],
            "name": "rds-security-group",
            "name_prefix": "",
            "owner_id": "992382397944",
            "revoke_rules_on_delete": false,
            "tags": {
              "Name": "rds-security-group"
            },
            "tags_all": {
              "Name": "rds-security-group"
            },
            "timeouts": null,
            "vpc_id": "vpc-0b87d808cfb441538"
          },
          "sensitive_attributes": [],
          "private": "eyJlMmJmYjczMC1lY2FhLTExZTYtOGY4OC0zNDM2M2JjN2M0YzAiOnsiY3JlYXRlIjo2MDAwMDAwMDAwMDAsImRlbGV0ZSI6OTAwMDAwMDAwMDAwfSwic2NoZW1hX3ZlcnNpb24iOiIxIn0=",
          "dependencies": [
            "aws_security_group.allow_ssh_http_1",
            "aws_vpc.main"
          ]
        }
      ]
    },
    {
      "mode": "managed",
      "type": "aws_subnet",
      "name": "private_subnet_1",
      "provider": "provider[\"registry.terraform.io/hashicorp/aws\"]",
      "instances": [
        {
          "schema_version": 1,
          "attributes": {
            "arn": "arn:aws:ec2:us-west-1:992382397944:subnet/subnet-073260d27a04d5051",
            "assign_ipv6_address_on_creation": false,
            "availability_zone": "us-west-1b",
            "availability_zone_id": "usw1-az3",
            "cidr_block": "10.0.1.0/24",
            "customer_owned_ipv4_pool": "",
            "enable_dns64": false,
            "enable_lni_at_device_index": 0,
            "enable_resource_name_dns_a_record_on_launch": false,
            "enable_resource_name_dns_aaaa_record_on_launch": false,
            "id": "subnet-073260d27a04d5051",
            "ipv6_cidr_block": "",
            "ipv6_cidr_block_association_id": "",
            "ipv6_native": false,
            "map_customer_owned_ip_on_launch": false,
            "map_public_ip_on_launch": false,
            "outpost_arn": "",
            "owner_id": "992382397944",
            "private_dns_hostname_type_on_launch": "ip-name",
            "tags": {
              "Name": "Private Subnet 1"
            },
            "tags_all": {
              "Name": "Private Subnet 1"
            },
            "timeouts": null,
            "vpc_id": "vpc-0b87d808cfb441538"
          },
          "sensitive_attributes": [],
          "private": "eyJlMmJmYjczMC1lY2FhLTExZTYtOGY4OC0zNDM2M2JjN2M0YzAiOnsiY3JlYXRlIjo2MDAwMDAwMDAwMDAsImRlbGV0ZSI6MTIwMDAwMDAwMDAwMH0sInNjaGVtYV92ZXJzaW9uIjoiMSJ9",
          "dependencies": [
            "aws_vpc.main"
          ]
        }
      ]
    },
    {
      "mode": "managed",
      "type": "aws_subnet",
      "name": "private_subnet_2",
      "provider": "provider[\"registry.terraform.io/hashicorp/aws\"]",
      "instances": [
        {
          "schema_version": 1,
          "attributes": {
            "arn": "arn:aws:ec2:us-west-1:992382397944:subnet/subnet-005159d9745fbf3fd",
            "assign_ipv6_address_on_creation": false,
            "availability_zone": "us-west-1c",
            "availability_zone_id": "usw1-az1",
            "cidr_block": "10.0.2.0/24",
            "customer_owned_ipv4_pool": "",
            "enable_dns64": false,
            "enable_lni_at_device_index": 0,
            "enable_resource_name_dns_a_record_on_launch": false,
            "enable_resource_name_dns_aaaa_record_on_launch": false,
            "id": "subnet-005159d9745fbf3fd",
            "ipv6_cidr_block": "",
            "ipv6_cidr_block_association_id": "",
            "ipv6_native": false,
            "map_customer_owned_ip_on_launch": false,
            "map_public_ip_on_launch": false,
            "outpost_arn": "",
            "owner_id": "992382397944",
            "private_dns_hostname_type_on_launch": "ip-name",
            "tags": {
              "Name": "Private Subnet 2"
            },
            "tags_all": {
              "Name": "Private Subnet 2"
            },
            "timeouts": null,
            "vpc_id": "vpc-0b87d808cfb441538"
          },
          "sensitive_attributes": [],
          "private": "eyJlMmJmYjczMC1lY2FhLTExZTYtOGY4OC0zNDM2M2JjN2M0YzAiOnsiY3JlYXRlIjo2MDAwMDAwMDAwMDAsImRlbGV0ZSI6MTIwMDAwMDAwMDAwMH0sInNjaGVtYV92ZXJzaW9uIjoiMSJ9",
          "dependencies": [
            "aws_vpc.main"
          ]
        }
      ]
    },
    {
      "mode": "managed",
      "type": "aws_subnet",
      "name": "public_subnet_1",
      "provider": "provider[\"registry.terraform.io/hashicorp/aws\"]",
      "instances": [
        {
          "schema_version": 1,
          "attributes": {
            "arn": "arn:aws:ec2:us-west-1:992382397944:subnet/subnet-06b34793512f39a54",
            "assign_ipv6_address_on_creation": false,
            "availability_zone": "us-west-1b",
            "availability_zone_id": "usw1-az3",
            "cidr_block": "10.0.3.0/24",
            "customer_owned_ipv4_pool": "",
            "enable_dns64": false,
            "enable_lni_at_device_index": 0,
            "enable_resource_name_dns_a_record_on_launch": false,
            "enable_resource_name_dns_aaaa_record_on_launch": false,
            "id": "subnet-06b34793512f39a54",
            "ipv6_cidr_block": "",
            "ipv6_cidr_block_association_id": "",
            "ipv6_native": false,
            "map_customer_owned_ip_on_launch": false,
            "map_public_ip_on_launch": true,
            "outpost_arn": "",
            "owner_id": "992382397944",
            "private_dns_hostname_type_on_launch": "ip-name",
            "tags": {
              "Name": "Public Subnet 1"
            },
            "tags_all": {
              "Name": "Public Subnet 1"
            },
            "timeouts": null,
            "vpc_id": "vpc-0b87d808cfb441538"
          },
          "sensitive_attributes": [],
          "private": "eyJlMmJmYjczMC1lY2FhLTExZTYtOGY4OC0zNDM2M2JjN2M0YzAiOnsiY3JlYXRlIjo2MDAwMDAwMDAwMDAsImRlbGV0ZSI6MTIwMDAwMDAwMDAwMH0sInNjaGVtYV92ZXJzaW9uIjoiMSJ9",
          "dependencies": [
            "aws_vpc.main"
          ]
        }
      ]
    },
    {
      "mode": "managed",
      "type": "aws_vpc",
      "name": "main",
      "provider": "provider[\"registry.terraform.io/hashicorp/aws\"]",
      "instances": [
        {
          "schema_version": 1,
          "attributes": {
            "arn": "arn:aws:ec2:us-west-1:992382397944:vpc/vpc-0b87d808cfb441538",
            "assign_generated_ipv6_cidr_block": false,
            "cidr_block": "10.0.0.0/16",
            "default_network_acl_id": "acl-0fdcba27be57a3643",
            "default_route_table_id": "rtb-0b9844f9f908dc064",
            "default_security_group_id": "sg-0f51c7c7ff10ba0b0",
            "dhcp_options_id": "dopt-07a01dd9a274f23f3",
            "enable_classiclink": false,
            "enable_classiclink_dns_support": false,
            "enable_dns_hostnames": true,
            "enable_dns_support": true,
            "enable_network_address_usage_metrics": false,
            "id": "vpc-0b87d808cfb441538",
            "instance_tenancy": "default",
            "ipv4_ipam_pool_id": null,
            "ipv4_netmask_length": null,
            "ipv6_association_id": "",
            "ipv6_cidr_block": "",
            "ipv6_cidr_block_network_border_group": "",
            "ipv6_ipam_pool_id": "",
            "ipv6_netmask_length": 0,
            "main_route_table_id": "rtb-0b9844f9f908dc064",
            "owner_id": "992382397944",
            "tags": {
              "Name": "main"
            },
            "tags_all": {
              "Name": "main"
            }
          },
          "sensitive_attributes": [],
          "private": "eyJzY2hlbWFfdmVyc2lvbiI6IjEifQ=="
        }
      ]
    },
    {
      "mode": "managed",
      "type": "aws_vpc_security_group_egress_rule",
      "name": "allow_all_traffic_ipv4",
      "provider": "provider[\"registry.terraform.io/hashicorp/aws\"]",
      "instances": [
        {
          "schema_version": 0,
          "attributes": {
            "arn": "arn:aws:ec2:us-west-1:992382397944:security-group-rule/sgr-0edb54742c1ea81b7",
            "cidr_ipv4": "0.0.0.0/0",
            "cidr_ipv6": null,
            "description": null,
            "from_port": null,
            "id": "sgr-0edb54742c1ea81b7",
            "ip_protocol": "-1",
            "prefix_list_id": null,
            "referenced_security_group_id": null,
            "security_group_id": "sg-0e383572499c24007",
            "security_group_rule_id": "sgr-0edb54742c1ea81b7",
            "tags": null,
            "tags_all": {},
            "to_port": null
          },
          "sensitive_attributes": [],
          "dependencies": [
            "aws_security_group.allow_ssh_http_1",
            "aws_vpc.main"
          ]
        }
      ]
    },
    {
      "mode": "managed",
      "type": "aws_vpc_security_group_egress_rule",
      "name": "allow_all_traffic_ipv6",
      "provider": "provider[\"registry.terraform.io/hashicorp/aws\"]",
      "instances": [
        {
          "schema_version": 0,
          "attributes": {
            "arn": "arn:aws:ec2:us-west-1:992382397944:security-group-rule/sgr-0b6cfc22c40f468b9",
            "cidr_ipv4": null,
            "cidr_ipv6": "::/0",
            "description": null,
            "from_port": null,
            "id": "sgr-0b6cfc22c40f468b9",
            "ip_protocol": "-1",
            "prefix_list_id": null,
            "referenced_security_group_id": null,
            "security_group_id": "sg-0e383572499c24007",
            "security_group_rule_id": "sgr-0b6cfc22c40f468b9",
            "tags": null,
            "tags_all": {},
            "to_port": null
          },
          "sensitive_attributes": [],
          "dependencies": [
            "aws_security_group.allow_ssh_http_1",
            "aws_vpc.main"
          ]
        }
      ]
    },
    {
      "mode": "managed",
      "type": "aws_vpc_security_group_ingress_rule",
      "name": "allow_http_ipv4",
      "provider": "provider[\"registry.terraform.io/hashicorp/aws\"]",
      "instances": [
        {
          "schema_version": 0,
          "attributes": {
            "arn": "arn:aws:ec2:us-west-1:992382397944:security-group-rule/sgr-07f7cdcfb1b5ead27",
            "cidr_ipv4": "0.0.0.0/0",
            "cidr_ipv6": null,
            "description": null,
            "from_port": 80,
            "id": "sgr-07f7cdcfb1b5ead27",
            "ip_protocol": "tcp",
            "prefix_list_id": null,
            "referenced_security_group_id": null,
            "security_group_id": "sg-0e383572499c24007",
            "security_group_rule_id": "sgr-07f7cdcfb1b5ead27",
            "tags": null,
            "tags_all": {},
            "to_port": 80
          },
          "sensitive_attributes": [],
          "dependencies": [
            "aws_security_group.allow_ssh_http_1",
            "aws_vpc.main"
          ]
        }
      ]
    },
    {
      "mode": "managed",
      "type": "aws_vpc_security_group_ingress_rule",
      "name": "allow_http_ipv6",
      "provider": "provider[\"registry.terraform.io/hashicorp/aws\"]",
      "instances": [
        {
          "schema_version": 0,
          "attributes": {
            "arn": "arn:aws:ec2:us-west-1:992382397944:security-group-rule/sgr-06310df8b6ba623ac",
            "cidr_ipv4": null,
            "cidr_ipv6": "::/0",
            "description": null,
            "from_port": 80,
            "id": "sgr-06310df8b6ba623ac",
            "ip_protocol": "tcp",
            "prefix_list_id": null,
            "referenced_security_group_id": null,
            "security_group_id": "sg-0e383572499c24007",
            "security_group_rule_id": "sgr-06310df8b6ba623ac",
            "tags": null,
            "tags_all": {},
            "to_port": 80
          },
          "sensitive_attributes": [],
          "dependencies": [
            "aws_security_group.allow_ssh_http_1",
            "aws_vpc.main"
          ]
        }
      ]
    },
    {
      "mode": "managed",
      "type": "aws_vpc_security_group_ingress_rule",
      "name": "allow_ssh_ipv4",
      "provider": "provider[\"registry.terraform.io/hashicorp/aws\"]",
      "instances": [
        {
          "schema_version": 0,
          "attributes": {
            "arn": "arn:aws:ec2:us-west-1:992382397944:security-group-rule/sgr-08b8f108a6ba9576b",
            "cidr_ipv4": "0.0.0.0/0",
            "cidr_ipv6": null,
            "description": null,
            "from_port": 22,
            "id": "sgr-08b8f108a6ba9576b",
            "ip_protocol": "tcp",
            "prefix_list_id": null,
            "referenced_security_group_id": null,
            "security_group_id": "sg-0e383572499c24007",
            "security_group_rule_id": "sgr-08b8f108a6ba9576b",
            "tags": null,
            "tags_all": {},
            "to_port": 22
          },
          "sensitive_attributes": [],
          "dependencies": [
            "aws_security_group.allow_ssh_http_1",
            "aws_vpc.main"
          ]
        }
      ]
    },
    {
      "mode": "managed",
      "type": "aws_vpc_security_group_ingress_rule",
      "name": "allow_ssh_ipv6",
      "provider": "provider[\"registry.terraform.io/hashicorp/aws\"]",
      "instances": [
        {
          "schema_version": 0,
          "attributes": {
            "arn": "arn:aws:ec2:us-west-1:992382397944:security-group-rule/sgr-0640f13f510f2a642",
            "cidr_ipv4": null,
            "cidr_ipv6": "::/0",
            "description": null,
            "from_port": 22,
            "id": "sgr-0640f13f510f2a642",
            "ip_protocol": "tcp",
            "prefix_list_id": null,
            "referenced_security_group_id": null,
            "security_group_id": "sg-0e383572499c24007",
            "security_group_rule_id": "sgr-0640f13f510f2a642",
            "tags": null,
            "tags_all": {},
            "to_port": 22
          },
          "sensitive_attributes": [],
          "dependencies": [
            "aws_security_group.allow_ssh_http_1",
            "aws_vpc.main"
          ]
        }
      ]
    },
    {
      "mode": "managed",
      "type": "tls_private_key",
      "name": "key",
      "provider": "provider[\"registry.terraform.io/hashicorp/tls\"]",
      "instances": [
        {
          "schema_version": 1,
          "attributes": {
            "algorithm": "RSA",
            "ecdsa_curve": "P224",
            "id": "c6340735aa409e6d01e517f33d404298a983db92",
            "private_key_openssh": "-----BEGIN OPENSSH PRIVATE KEY-----\nb3BlbnNzaC1rZXktdjEAAAAABG5vbmUAAAAEbm9uZQAAAAAAAAABAAACFwAAAAdz\nc2gtcnNhAAAAAwEAAQAAAgEAwyjuyf9SvMQAqI68BSbwJPV6xtURy0cdCxQMAbxu\ngNRb2Pquuoz6ePQfE6KsjpWp+3GOKsoHmBKyHX5ZF+kdh7Ab+qmj/qtkYe7aS9/m\n1v8fc+2SfoH+jLZFLl2HrbEdwuQDJhBZVeu7MGqkX2EwnkNu7rv6A2Ryc27C48Wp\ndTVEPlP818hOXdbLEb96fBs/xAPNEoo+nkHyAYr8NllU/9yn+BBO5BeF2Ios/ZlF\n9bqqpZzqVms5QdOqJMoqx2M9bwFuM2eB3D6Qb9psO+ffx2T4u+70/8692VM+zWif\nG98u5UeFsf7lpaxGI8LhSnJ3S6VyPH7h6stf5Q+3NzDCw57jEsEbxoc/7cmVarKg\nK1/MJqZNBpqUuSlzlo8beJo6hnFBHoc/XP8py8ZUuBoIoiZekFde2K5jIOdHo+c9\nj/Lge1Y1+shvdhavq4VDdqmlLnXbKlg5+azQjMVd5pRD1KL2W8bn5acPeNLZeTxZ\nOnTir+ws71hXv1KF/R/cpX7/6dNJLu0lBhYUKbL55Ch6892ElxyIfrfcPKgm2vaw\nBYT3jmI1T6Bkr+dWdERToTHx6DwJO76sTJgOD+61CCqSS5hypIddBANxNBKE+CSH\nEEPKxH94+yUYklDps3mbSylMC8Gu5f+qN3XxBuWtMdwpftkkZXKTBpNZqtCyU9yc\n55EAAAc4NQ6AVzUOgFcAAAAHc3NoLXJzYQAAAgEAwyjuyf9SvMQAqI68BSbwJPV6\nxtURy0cdCxQMAbxugNRb2Pquuoz6ePQfE6KsjpWp+3GOKsoHmBKyHX5ZF+kdh7Ab\n+qmj/qtkYe7aS9/m1v8fc+2SfoH+jLZFLl2HrbEdwuQDJhBZVeu7MGqkX2EwnkNu\n7rv6A2Ryc27C48WpdTVEPlP818hOXdbLEb96fBs/xAPNEoo+nkHyAYr8NllU/9yn\n+BBO5BeF2Ios/ZlF9bqqpZzqVms5QdOqJMoqx2M9bwFuM2eB3D6Qb9psO+ffx2T4\nu+70/8692VM+zWifG98u5UeFsf7lpaxGI8LhSnJ3S6VyPH7h6stf5Q+3NzDCw57j\nEsEbxoc/7cmVarKgK1/MJqZNBpqUuSlzlo8beJo6hnFBHoc/XP8py8ZUuBoIoiZe\nkFde2K5jIOdHo+c9j/Lge1Y1+shvdhavq4VDdqmlLnXbKlg5+azQjMVd5pRD1KL2\nW8bn5acPeNLZeTxZOnTir+ws71hXv1KF/R/cpX7/6dNJLu0lBhYUKbL55Ch6892E\nlxyIfrfcPKgm2vawBYT3jmI1T6Bkr+dWdERToTHx6DwJO76sTJgOD+61CCqSS5hy\npIddBANxNBKE+CSHEEPKxH94+yUYklDps3mbSylMC8Gu5f+qN3XxBuWtMdwpftkk\nZXKTBpNZqtCyU9yc55EAAAADAQABAAACAFc6+4ikK+odvaGZsuamod4TLx6ibAKt\nNYkXG8rG26mPwcH5QpI1o1re2uke4/wTX1f5SK9NgBlz+dL+/3mVg9J7X/YpTxjs\nqMCxTzdsy7Q7cmaRwNH07r8cVU3FFnkHWqMa4WFpG1UxOYkJkZDkUyPaRkJFGRnd\nEt8PmeLPHdA6z9cAGVqluIlvEXNMX8YLM/Q8MrRfwF9iYHZaFiOAyGJY0Wcqeuiu\nru+7yyJLGR8doVrHCWM5J+2JW1p4VqiqbfIo9IXbdQrpmAu22HvqR3bLZfYyd6XD\nVc5GzCJp6fw+RKrMzjBiG2ly2CLx31s0UKgqOiZaHEajQqiS3rS3gcXAU3h9UBsT\nxPmyaLTjJYsi6LBbWXcxEPyd7yJYkrpv5poxF2z30IAZ9BULmRrUjZNDMDtWbvLv\nxgDcvcW+8HYpUF+s4N39Tak+4B6p5e+WF8ncQogk5kr+S5gs9lKlBARPtSYMA8Bn\nKDaaUi6/jVxLG1eHsnNG3PuFfc7EnsxkiGVC1HIk2PaUZtgrdfIpVRYUzAad+/SQ\nX2hIDv2r3wo/l3y/ANIoF/mt4Eimg0xCHAmmtuR1jUtWQDU0jY2TDK6Qc9byapjJ\nsr2WAzzEcdd3SFM3xJjdBMVxStQ5CMZkOh/bCoBttXQL7ozUi+KzYWhmVbC1/Mna\nuaHu3x8ybPFBAAABACGFbdfIqnul/Y3oCKGv2q5Mf3rI0xdlWQEdB/cLPWDbmu9G\nLX473TU7OPyMRyB7iXJ7qQ6wVUKVZLKHryb003GYHfbhts7XqPLyHxIsU04eyxcR\nTX2Fx+q5QXWZcBT64vL/kLEI843K6vMyZo2uJB936PLRjRLXhu7Ik70hN3459I7O\nQ923OiVp1v9/yK3devxOnU0SMZOGm3ICi7As3+zo5WnD7rKAN5CE+t6w6MHBhszg\nVBIBc/4KCDvSm9QdGD5aKyzWjxO1fuYKJbjCdJz/M7p4EaDT5NFWAn9ZjejQQPeH\nuYHD/NxKYx1BwHJzKToGjVbxO22DHbkJb0R9e5EAAAEBAOfKlRl24JO6Y9lGaCKi\nZkfHfjJJQQtXen48d4ZWPhDSTXmHsDwU2yedIYtyy2IUPv4C/FM5wc4gDnjWAv4B\n2ol5VYaOHAONmYgQeStNLf4RS1nRjqfF0shfyjkSOQnghWQw1RYeP2AgXdvvyTgG\n6VXmkjJm+2MWyfRm32aCKkmJ1WQpRqkOaLLZ7y+RRV0TE9shFQjr0w/zbsV63qdT\nGtyU7q9pGm+FjZD3GjdoISY83FiW8c+E4CmdpQV+JQreSTvw0xf7k1f+jdRJfyWM\nV2zSu4mxbvgclLaufBnyysWA5GzU+8MA5awq+SjrgJ0YUHWRyv+21xwouYdciIVx\nEykAAAEBANeK7vYtzfaHCbQpTCGO0DuCjcxKtmjhhR3t7V8WddPLrMHXWogwO28u\n6yps1PoXDIkvSqcc1hOdVaXESguIe3+YlgECsKZ9dbVeYaO5o0CxYfW61CQs8fQN\nbNHJPRtOR6uvcbBKk5xa7I3gkCob+jIrtqU6NAXkHh1lPyOrsgTNgDADFdj4TZ70\n8EC+jpkk2Y1Q9bBGtv8i8OZSjNC7sXQeLLzO1j99xY28dttgmZQQUljGf8OrYQoS\nhwcCPZiwCUXgp0QJqTFfclnyNo3RV59uukeJgrSoAIVVUyX4Xb0Plx0/rg5ufR08\nxS7TBS0ZIskR6rjL2CWYz9zuuPc65ikAAAAAAQID\n-----END OPENSSH PRIVATE KEY-----\n",
            "private_key_pem": "-----BEGIN RSA PRIVATE KEY-----\nMIIJKAIBAAKCAgEAwyjuyf9SvMQAqI68BSbwJPV6xtURy0cdCxQMAbxugNRb2Pqu\nuoz6ePQfE6KsjpWp+3GOKsoHmBKyHX5ZF+kdh7Ab+qmj/qtkYe7aS9/m1v8fc+2S\nfoH+jLZFLl2HrbEdwuQDJhBZVeu7MGqkX2EwnkNu7rv6A2Ryc27C48WpdTVEPlP8\n18hOXdbLEb96fBs/xAPNEoo+nkHyAYr8NllU/9yn+BBO5BeF2Ios/ZlF9bqqpZzq\nVms5QdOqJMoqx2M9bwFuM2eB3D6Qb9psO+ffx2T4u+70/8692VM+zWifG98u5UeF\nsf7lpaxGI8LhSnJ3S6VyPH7h6stf5Q+3NzDCw57jEsEbxoc/7cmVarKgK1/MJqZN\nBpqUuSlzlo8beJo6hnFBHoc/XP8py8ZUuBoIoiZekFde2K5jIOdHo+c9j/Lge1Y1\n+shvdhavq4VDdqmlLnXbKlg5+azQjMVd5pRD1KL2W8bn5acPeNLZeTxZOnTir+ws\n71hXv1KF/R/cpX7/6dNJLu0lBhYUKbL55Ch6892ElxyIfrfcPKgm2vawBYT3jmI1\nT6Bkr+dWdERToTHx6DwJO76sTJgOD+61CCqSS5hypIddBANxNBKE+CSHEEPKxH94\n+yUYklDps3mbSylMC8Gu5f+qN3XxBuWtMdwpftkkZXKTBpNZqtCyU9yc55ECAwEA\nAQKCAgBXOvuIpCvqHb2hmbLmpqHeEy8eomwCrTWJFxvKxtupj8HB+UKSNaNa3trp\nHuP8E19X+UivTYAZc/nS/v95lYPSe1/2KU8Y7KjAsU83bMu0O3JmkcDR9O6/HFVN\nxRZ5B1qjGuFhaRtVMTmJCZGQ5FMj2kZCRRkZ3RLfD5nizx3QOs/XABlapbiJbxFz\nTF/GCzP0PDK0X8BfYmB2WhYjgMhiWNFnKnrorq7vu8siSxkfHaFaxwljOSftiVta\neFaoqm3yKPSF23UK6ZgLtth76kd2y2X2Mnelw1XORswiaen8PkSqzM4wYhtpctgi\n8d9bNFCoKjomWhxGo0Kokt60t4HFwFN4fVAbE8T5smi04yWLIuiwW1l3MRD8ne8i\nWJK6b+aaMRds99CAGfQVC5ka1I2TQzA7Vm7y78YA3L3FvvB2KVBfrODd/U2pPuAe\nqeXvlhfJ3EKIJOZK/kuYLPZSpQQET7UmDAPAZyg2mlIuv41cSxtXh7JzRtz7hX3O\nxJ7MZIhlQtRyJNj2lGbYK3XyKVUWFMwGnfv0kF9oSA79q98KP5d8vwDSKBf5reBI\npoNMQhwJprbkdY1LVkA1NI2NkwyukHPW8mqYybK9lgM8xHHXd0hTN8SY3QTFcUrU\nOQjGZDof2wqAbbV0C+6M1Ivis2FoZlWwtfzJ2rmh7t8fMmzxQQKCAQEA58qVGXbg\nk7pj2UZoIqJmR8d+MklBC1d6fjx3hlY+ENJNeYewPBTbJ50hi3LLYhQ+/gL8UznB\nziAOeNYC/gHaiXlVho4cA42ZiBB5K00t/hFLWdGOp8XSyF/KORI5CeCFZDDVFh4/\nYCBd2+/JOAbpVeaSMmb7YxbJ9GbfZoIqSYnVZClGqQ5ostnvL5FFXRMT2yEVCOvT\nD/NuxXrep1Ma3JTur2kab4WNkPcaN2ghJjzcWJbxz4TgKZ2lBX4lCt5JO/DTF/uT\nV/6N1El/JYxXbNK7ibFu+ByUtq58GfLKxYDkbNT7wwDlrCr5KOuAnRhQdZHK/7bX\nHCi5h1yIhXETKQKCAQEA14ru9i3N9ocJtClMIY7QO4KNzEq2aOGFHe3tXxZ108us\nwddaiDA7by7rKmzU+hcMiS9KpxzWE51VpcRKC4h7f5iWAQKwpn11tV5ho7mjQLFh\n9brUJCzx9A1s0ck9G05Hq69xsEqTnFrsjeCQKhv6Miu2pTo0BeQeHWU/I6uyBM2A\nMAMV2PhNnvTwQL6OmSTZjVD1sEa2/yLw5lKM0LuxdB4svM7WP33Fjbx222CZlBBS\nWMZ/w6thChKHBwI9mLAJReCnRAmpMV9yWfI2jdFXn266R4mCtKgAhVVTJfhdvQ+X\nHT+uDm59HTzFLtMFLRkiyRHquMvYJZjP3O649zrmKQKCAQB7IyQSYxTrZhmlU8H+\npEex2kkwbbogTFjGt1jIBQjz5sVBytPVFz9VzCQF8PYbJKZSS0PA8u4CkwUdLJRq\nXJG8drj4woYfXRozLo0wc8/7KTTegnVGq9FOoZTMvOGQXbZ/g3GwTmFcr9UtAjXj\njchn2hXQsOTbvz+KlxwXWQ8eAhtbGpJvPThhy2VF3+b5iykBQJHsK1v1HV27i4q9\nWWjrxjMG/M8Ob+TFHoDO7oKtzadBaO8NT4nGkfkY8eq721sMfOOn2f5swM6X+HOT\nfvry1QDMJXbOWGCorAlBv7n5MoAnUP5umgtpa2ryUioBSulzjABL2NZuHzRwtLfS\nLEABAoIBAQDOtJyKVk8JN2Ok9V3faNhl2cQmwRfB6VUB6OUVpbKF1PPuSZq2tJqq\n+7HnU8vDs0sAXOwY61yaHu6+NEpWWSMmsKxad7v1TqgNsV+t5h+bsQEi6XL85mV7\nCUzsuzLw9tdg3LYIvNxmvAPT5CIdYAtHBgj416KAa849npU4njXwySs/4BWZqDa4\nVGn7jUOvtlk0XwnfbVGdyGKCX3RP0VBS7YU15J4u8Wz9ilnp9PATwLtYC7UHb1l2\nkWIQ5KMxxNB/xPxkEWfCw6gkfla3FqYTbdsTM9q3ac5mD/fXmCI9Z7AiCqnfiTJP\nUbJAP3rdTxe/AIG7izHUjIH7fKzB3ChRAoIBACGFbdfIqnul/Y3oCKGv2q5Mf3rI\n0xdlWQEdB/cLPWDbmu9GLX473TU7OPyMRyB7iXJ7qQ6wVUKVZLKHryb003GYHfbh\nts7XqPLyHxIsU04eyxcRTX2Fx+q5QXWZcBT64vL/kLEI843K6vMyZo2uJB936PLR\njRLXhu7Ik70hN3459I7OQ923OiVp1v9/yK3devxOnU0SMZOGm3ICi7As3+zo5WnD\n7rKAN5CE+t6w6MHBhszgVBIBc/4KCDvSm9QdGD5aKyzWjxO1fuYKJbjCdJz/M7p4\nEaDT5NFWAn9ZjejQQPeHuYHD/NxKYx1BwHJzKToGjVbxO22DHbkJb0R9e5E=\n-----END RSA PRIVATE KEY-----\n",
            "private_key_pem_pkcs8": "-----BEGIN PRIVATE KEY-----\nMIIJQgIBADANBgkqhkiG9w0BAQEFAASCCSwwggkoAgEAAoICAQDDKO7J/1K8xACo\njrwFJvAk9XrG1RHLRx0LFAwBvG6A1FvY+q66jPp49B8ToqyOlan7cY4qygeYErId\nflkX6R2HsBv6qaP+q2Rh7tpL3+bW/x9z7ZJ+gf6MtkUuXYetsR3C5AMmEFlV67sw\naqRfYTCeQ27uu/oDZHJzbsLjxal1NUQ+U/zXyE5d1ssRv3p8Gz/EA80Sij6eQfIB\nivw2WVT/3Kf4EE7kF4XYiiz9mUX1uqqlnOpWazlB06okyirHYz1vAW4zZ4HcPpBv\n2mw759/HZPi77vT/zr3ZUz7NaJ8b3y7lR4Wx/uWlrEYjwuFKcndLpXI8fuHqy1/l\nD7c3MMLDnuMSwRvGhz/tyZVqsqArX8wmpk0GmpS5KXOWjxt4mjqGcUEehz9c/ynL\nxlS4GgiiJl6QV17YrmMg50ej5z2P8uB7VjX6yG92Fq+rhUN2qaUuddsqWDn5rNCM\nxV3mlEPUovZbxuflpw940tl5PFk6dOKv7CzvWFe/UoX9H9ylfv/p00ku7SUGFhQp\nsvnkKHrz3YSXHIh+t9w8qCba9rAFhPeOYjVPoGSv51Z0RFOhMfHoPAk7vqxMmA4P\n7rUIKpJLmHKkh10EA3E0EoT4JIcQQ8rEf3j7JRiSUOmzeZtLKUwLwa7l/6o3dfEG\n5a0x3Cl+2SRlcpMGk1mq0LJT3JznkQIDAQABAoICAFc6+4ikK+odvaGZsuamod4T\nLx6ibAKtNYkXG8rG26mPwcH5QpI1o1re2uke4/wTX1f5SK9NgBlz+dL+/3mVg9J7\nX/YpTxjsqMCxTzdsy7Q7cmaRwNH07r8cVU3FFnkHWqMa4WFpG1UxOYkJkZDkUyPa\nRkJFGRndEt8PmeLPHdA6z9cAGVqluIlvEXNMX8YLM/Q8MrRfwF9iYHZaFiOAyGJY\n0Wcqeuiuru+7yyJLGR8doVrHCWM5J+2JW1p4VqiqbfIo9IXbdQrpmAu22HvqR3bL\nZfYyd6XDVc5GzCJp6fw+RKrMzjBiG2ly2CLx31s0UKgqOiZaHEajQqiS3rS3gcXA\nU3h9UBsTxPmyaLTjJYsi6LBbWXcxEPyd7yJYkrpv5poxF2z30IAZ9BULmRrUjZND\nMDtWbvLvxgDcvcW+8HYpUF+s4N39Tak+4B6p5e+WF8ncQogk5kr+S5gs9lKlBARP\ntSYMA8BnKDaaUi6/jVxLG1eHsnNG3PuFfc7EnsxkiGVC1HIk2PaUZtgrdfIpVRYU\nzAad+/SQX2hIDv2r3wo/l3y/ANIoF/mt4Eimg0xCHAmmtuR1jUtWQDU0jY2TDK6Q\nc9byapjJsr2WAzzEcdd3SFM3xJjdBMVxStQ5CMZkOh/bCoBttXQL7ozUi+KzYWhm\nVbC1/MnauaHu3x8ybPFBAoIBAQDnypUZduCTumPZRmgiomZHx34ySUELV3p+PHeG\nVj4Q0k15h7A8FNsnnSGLcstiFD7+AvxTOcHOIA541gL+AdqJeVWGjhwDjZmIEHkr\nTS3+EUtZ0Y6nxdLIX8o5EjkJ4IVkMNUWHj9gIF3b78k4BulV5pIyZvtjFsn0Zt9m\ngipJidVkKUapDmiy2e8vkUVdExPbIRUI69MP827Fet6nUxrclO6vaRpvhY2Q9xo3\naCEmPNxYlvHPhOApnaUFfiUK3kk78NMX+5NX/o3USX8ljFds0ruJsW74HJS2rnwZ\n8srFgORs1PvDAOWsKvko64CdGFB1kcr/ttccKLmHXIiFcRMpAoIBAQDXiu72Lc32\nhwm0KUwhjtA7go3MSrZo4YUd7e1fFnXTy6zB11qIMDtvLusqbNT6FwyJL0qnHNYT\nnVWlxEoLiHt/mJYBArCmfXW1XmGjuaNAsWH1utQkLPH0DWzRyT0bTkerr3GwSpOc\nWuyN4JAqG/oyK7alOjQF5B4dZT8jq7IEzYAwAxXY+E2e9PBAvo6ZJNmNUPWwRrb/\nIvDmUozQu7F0Hiy8ztY/fcWNvHbbYJmUEFJYxn/Dq2EKEocHAj2YsAlF4KdECakx\nX3JZ8jaN0VefbrpHiYK0qACFVVMl+F29D5cdP64Obn0dPMUu0wUtGSLJEeq4y9gl\nmM/c7rj3OuYpAoIBAHsjJBJjFOtmGaVTwf6kR7HaSTBtuiBMWMa3WMgFCPPmxUHK\n09UXP1XMJAXw9hskplJLQ8Dy7gKTBR0slGpckbx2uPjChh9dGjMujTBzz/spNN6C\ndUar0U6hlMy84ZBdtn+DcbBOYVyv1S0CNeONyGfaFdCw5Nu/P4qXHBdZDx4CG1sa\nkm89OGHLZUXf5vmLKQFAkewrW/UdXbuLir1ZaOvGMwb8zw5v5MUegM7ugq3Np0Fo\n7w1PicaR+Rjx6rvbWwx846fZ/mzAzpf4c5N++vLVAMwlds5YYKisCUG/ufkygCdQ\n/m6aC2lravJSKgFK6XOMAEvY1m4fNHC0t9IsQAECggEBAM60nIpWTwk3Y6T1Xd9o\n2GXZxCbBF8HpVQHo5RWlsoXU8+5Jmra0mqr7sedTy8OzSwBc7BjrXJoe7r40SlZZ\nIyawrFp3u/VOqA2xX63mH5uxASLpcvzmZXsJTOy7MvD212Dctgi83Ga8A9PkIh1g\nC0cGCPjXooBrzj2elTieNfDJKz/gFZmoNrhUafuNQ6+2WTRfCd9tUZ3IYoJfdE/R\nUFLthTXkni7xbP2KWen08BPAu1gLtQdvWXaRYhDkozHE0H/E/GQRZ8LDqCR+VrcW\nphNt2xMz2rdpzmYP99eYIj1nsCIKqd+JMk9RskA/et1PF78AgbuLMdSMgft8rMHc\nKFECggEAIYVt18iqe6X9jegIoa/arkx/esjTF2VZAR0H9ws9YNua70YtfjvdNTs4\n/IxHIHuJcnupDrBVQpVksoevJvTTcZgd9uG2zteo8vIfEixTTh7LFxFNfYXH6rlB\ndZlwFPri8v+QsQjzjcrq8zJmja4kH3fo8tGNEteG7siTvSE3fjn0js5D3bc6JWnW\n/3/Ird16/E6dTRIxk4abcgKLsCzf7OjlacPusoA3kIT63rDowcGGzOBUEgFz/goI\nO9Kb1B0YPlorLNaPE7V+5goluMJ0nP8zungRoNPk0VYCf1mN6NBA94e5gcP83Epj\nHUHAcnMpOgaNVvE7bYMduQlvRH17kQ==\n-----END PRIVATE KEY-----\n",
            "public_key_fingerprint_md5": "54:70:3f:8a:44:cf:5b:9f:48:bd:b3:be:d2:10:69:aa",
            "public_key_fingerprint_sha256": "SHA256:ihObvuM9/4on6iQvriv/inlbSHIn9WrL+/axFkQKpCM",
            "public_key_openssh": "ssh-rsa AAAAB3NzaC1yc2EAAAADAQABAAACAQDDKO7J/1K8xACojrwFJvAk9XrG1RHLRx0LFAwBvG6A1FvY+q66jPp49B8ToqyOlan7cY4qygeYErIdflkX6R2HsBv6qaP+q2Rh7tpL3+bW/x9z7ZJ+gf6MtkUuXYetsR3C5AMmEFlV67swaqRfYTCeQ27uu/oDZHJzbsLjxal1NUQ+U/zXyE5d1ssRv3p8Gz/EA80Sij6eQfIBivw2WVT/3Kf4EE7kF4XYiiz9mUX1uqqlnOpWazlB06okyirHYz1vAW4zZ4HcPpBv2mw759/HZPi77vT/zr3ZUz7NaJ8b3y7lR4Wx/uWlrEYjwuFKcndLpXI8fuHqy1/lD7c3MMLDnuMSwRvGhz/tyZVqsqArX8wmpk0GmpS5KXOWjxt4mjqGcUEehz9c/ynLxlS4GgiiJl6QV17YrmMg50ej5z2P8uB7VjX6yG92Fq+rhUN2qaUuddsqWDn5rNCMxV3mlEPUovZbxuflpw940tl5PFk6dOKv7CzvWFe/UoX9H9ylfv/p00ku7SUGFhQpsvnkKHrz3YSXHIh+t9w8qCba9rAFhPeOYjVPoGSv51Z0RFOhMfHoPAk7vqxMmA4P7rUIKpJLmHKkh10EA3E0EoT4JIcQQ8rEf3j7JRiSUOmzeZtLKUwLwa7l/6o3dfEG5a0x3Cl+2SRlcpMGk1mq0LJT3JznkQ==\n",
            "public_key_pem": "-----BEGIN PUBLIC KEY-----\nMIICIjANBgkqhkiG9w0BAQEFAAOCAg8AMIICCgKCAgEAwyjuyf9SvMQAqI68BSbw\nJPV6xtURy0cdCxQMAbxugNRb2Pquuoz6ePQfE6KsjpWp+3GOKsoHmBKyHX5ZF+kd\nh7Ab+qmj/qtkYe7aS9/m1v8fc+2SfoH+jLZFLl2HrbEdwuQDJhBZVeu7MGqkX2Ew\nnkNu7rv6A2Ryc27C48WpdTVEPlP818hOXdbLEb96fBs/xAPNEoo+nkHyAYr8NllU\n/9yn+BBO5BeF2Ios/ZlF9bqqpZzqVms5QdOqJMoqx2M9bwFuM2eB3D6Qb9psO+ff\nx2T4u+70/8692VM+zWifG98u5UeFsf7lpaxGI8LhSnJ3S6VyPH7h6stf5Q+3NzDC\nw57jEsEbxoc/7cmVarKgK1/MJqZNBpqUuSlzlo8beJo6hnFBHoc/XP8py8ZUuBoI\noiZekFde2K5jIOdHo+c9j/Lge1Y1+shvdhavq4VDdqmlLnXbKlg5+azQjMVd5pRD\n1KL2W8bn5acPeNLZeTxZOnTir+ws71hXv1KF/R/cpX7/6dNJLu0lBhYUKbL55Ch6\n892ElxyIfrfcPKgm2vawBYT3jmI1T6Bkr+dWdERToTHx6DwJO76sTJgOD+61CCqS\nS5hypIddBANxNBKE+CSHEEPKxH94+yUYklDps3mbSylMC8Gu5f+qN3XxBuWtMdwp\nftkkZXKTBpNZqtCyU9yc55ECAwEAAQ==\n-----END PUBLIC KEY-----\n",
            "rsa_bits": 4096
          },
          "sensitive_attributes": [
            [
              {
                "type": "get_attr",
                "value": "private_key_pem"
              }
            ],
            [
              {
                "type": "get_attr",
                "value": "private_key_pem_pkcs8"
              }
            ],
            [
              {
                "type": "get_attr",
                "value": "private_key_openssh"
              }
            ]
          ]
        }
      ]
    }
  ],
  "check_results": null
}
